PODS:
  - BLMultiColorLoader (0.1.6)
  - DBImageColorPicker (1.0.5)
  - GBDeviceInfo (4.4.0):
    - GBDeviceInfo/Core (= 4.4.0)
  - GBDeviceInfo/Core (4.4.0)
  - GPUImage (0.1.7)
  - KVNBoundedImageView (1.0.0)
  - Mixpanel (3.2.3)
  - SAMLabel (0.1.0)
  - SDWebImage (3.8.2):
    - SDWebImage/Core (= 3.8.2)
  - SDWebImage/Core (3.8.2)
  - SocketRocket (0.5.1)
  - TYBlurImage (1.2.1)
  - UCZProgressView (1.0.2)
  - UIImage-Helpers (0.0.3)

DEPENDENCIES:
  - BLMultiColorLoader
  - DBImageColorPicker
  - GBDeviceInfo (~> 4.4.0)
  - GPUImage
  - KVNBoundedImageView
  - Mixpanel
  - SAMLabel
  - SDWebImage (~> 3.8)
  - SocketRocket
  - TYBlurImage
  - UCZProgressView
  - UIImage-Helpers

SPEC CHECKSUMS:
  BLMultiColorLoader: 9208e4541a88ec12e0da5af0e3619a805ab7ff6e
  DBImageColorPicker: b0b419b0653338544d766ed2008f2558b899fc60
  GBDeviceInfo: 2ec90c6808d063061b16773ec8e857257058dc5d
  GPUImage: 733a5f0fab92df9de1c37ba9df520a833ccb406d
  KVNBoundedImageView: be2dabe166952dc9870b8000ee30e601fae0bc67
  Mixpanel: 7bd8e176f088936bf6e283ade0d1f512f8e723bc
  SAMLabel: 3792d68d0a04da5600420843d44ec50631695c15
  SDWebImage: 098e97e6176540799c27e804c96653ee0833d13c
  SocketRocket: d57c7159b83c3c6655745cd15302aa24b6bae531
  TYBlurImage: a931704cfbfb31aa00a5b658063e0742b34e4043
  UCZProgressView: 55836987c15ee6efb7cd6dfe297556602ee46c94
  UIImage-Helpers: 06b04a42bdd222844035602e87e936765c80f620

PODFILE CHECKSUM: 8b33769bfefab3b69f92138e09cd92a581a34f62

COCOAPODS: 1.2.0
