// !$*UTF8*$!
{
	archiveVersion = 1;
	classes = {
	};
	objectVersion = 48;
	objects = {

/* Begin PBXBuildFile section */
		2BE2E861C4D7BD74507C4F52 /* libPods-BlrrdTests.a in Frameworks */ = {isa = PBXBuildFile; fileRef = 525024B0D28D89B1872A70B5 /* libPods-BlrrdTests.a */; };
		3C1837B2FB585C787DA1836D /* libPods-BlrrdUITests.a in Frameworks */ = {isa = PBXBuildFile; fileRef = 8C73BB36D7BF0A8555DE2297 /* libPods-BlrrdUITests.a */; };
		5E70A3B067C44E695E9763A8 /* libPods-Blrrd.a in Frameworks */ = {isa = PBXBuildFile; fileRef = B70883D9FE8759167D2618D1 /* libPods-Blrrd.a */; };
		7737127F1FCFBD4B00E507AE /* SafariServices.framework in Frameworks */ = {isa = PBXBuildFile; fileRef = 7737127E1FCFBD4B00E507AE /* SafariServices.framework */; };
		773712821FD0654000E507AE /* BDocumentController.m in Sources */ = {isa = PBXBuildFile; fileRef = 773712811FD0654000E507AE /* BDocumentController.m */; };
		773712891FD06B5300E507AE /* terms.pdf in Resources */ = {isa = PBXBuildFile; fileRef = 773712881FD06B5300E507AE /* terms.pdf */; };
		7737128F1FD09B3A00E507AE /* BProfileCell.m in Sources */ = {isa = PBXBuildFile; fileRef = 7737128E1FD09B3A00E507AE /* BProfileCell.m */; };
		773712921FD0BFA600E507AE /* BProfileImagesController.m in Sources */ = {isa = PBXBuildFile; fileRef = 773712911FD0BFA600E507AE /* BProfileImagesController.m */; };
		773712951FD0C32700E507AE /* BProfileContainerCell.m in Sources */ = {isa = PBXBuildFile; fileRef = 773712941FD0C32700E507AE /* BProfileContainerCell.m */; };
		773712981FD0D8F100E507AE /* BAuthenticationHeader.m in Sources */ = {isa = PBXBuildFile; fileRef = 773712971FD0D8F100E507AE /* BAuthenticationHeader.m */; };
		7737129D1FD1FB7800E507AE /* GoogLeNetPlaces.mlmodel in Sources */ = {isa = PBXBuildFile; fileRef = 7737129C1FD1FB7800E507AE /* GoogLeNetPlaces.mlmodel */; };
		7737129F1FD1FD1600E507AE /* CoreML.framework in Frameworks */ = {isa = PBXBuildFile; fileRef = 7737129E1FD1FD1500E507AE /* CoreML.framework */; };
		773C723F1FDAF1D000D8220E /* BFriendFinderController.m in Sources */ = {isa = PBXBuildFile; fileRef = 773C723E1FDAF1D000D8220E /* BFriendFinderController.m */; };
		7757319C1FBE3F5E002E0CCE /* Nunito-ExtraLightItalic.ttf in Resources */ = {isa = PBXBuildFile; fileRef = 7757318E1FBE3F5B002E0CCE /* Nunito-ExtraLightItalic.ttf */; };
		7757319D1FBE3F5E002E0CCE /* Nunito-ExtraBold.ttf in Resources */ = {isa = PBXBuildFile; fileRef = 7757318F1FBE3F5B002E0CCE /* Nunito-ExtraBold.ttf */; };
		7757319E1FBE3F5E002E0CCE /* Nunito-Bold.ttf in Resources */ = {isa = PBXBuildFile; fileRef = 775731901FBE3F5C002E0CCE /* Nunito-Bold.ttf */; };
		7757319F1FBE3F5E002E0CCE /* Nunito-Light.ttf in Resources */ = {isa = PBXBuildFile; fileRef = 775731911FBE3F5C002E0CCE /* Nunito-Light.ttf */; };
		775731A01FBE3F5E002E0CCE /* Nunito-SemiBold.ttf in Resources */ = {isa = PBXBuildFile; fileRef = 775731921FBE3F5C002E0CCE /* Nunito-SemiBold.ttf */; };
		775731A11FBE3F5E002E0CCE /* Nunito-Black.ttf in Resources */ = {isa = PBXBuildFile; fileRef = 775731931FBE3F5C002E0CCE /* Nunito-Black.ttf */; };
		775731A21FBE3F5E002E0CCE /* Nunito-BoldItalic.ttf in Resources */ = {isa = PBXBuildFile; fileRef = 775731941FBE3F5C002E0CCE /* Nunito-BoldItalic.ttf */; };
		775731A31FBE3F5E002E0CCE /* Nunito-BlackItalic.ttf in Resources */ = {isa = PBXBuildFile; fileRef = 775731951FBE3F5D002E0CCE /* Nunito-BlackItalic.ttf */; };
		775731A41FBE3F5E002E0CCE /* Nunito-SemiBoldItalic.ttf in Resources */ = {isa = PBXBuildFile; fileRef = 775731961FBE3F5D002E0CCE /* Nunito-SemiBoldItalic.ttf */; };
		775731A51FBE3F5E002E0CCE /* Nunito-ExtraBoldItalic.ttf in Resources */ = {isa = PBXBuildFile; fileRef = 775731971FBE3F5D002E0CCE /* Nunito-ExtraBoldItalic.ttf */; };
		775731A61FBE3F5E002E0CCE /* Nunito-Italic.ttf in Resources */ = {isa = PBXBuildFile; fileRef = 775731981FBE3F5D002E0CCE /* Nunito-Italic.ttf */; };
		775731A71FBE3F5E002E0CCE /* Nunito-ExtraLight.ttf in Resources */ = {isa = PBXBuildFile; fileRef = 775731991FBE3F5D002E0CCE /* Nunito-ExtraLight.ttf */; };
		775731A81FBE3F5E002E0CCE /* Nunito-Regular.ttf in Resources */ = {isa = PBXBuildFile; fileRef = 7757319A1FBE3F5D002E0CCE /* Nunito-Regular.ttf */; };
		775731A91FBE3F5E002E0CCE /* Nunito-LightItalic.ttf in Resources */ = {isa = PBXBuildFile; fileRef = 7757319B1FBE3F5E002E0CCE /* Nunito-LightItalic.ttf */; };
		775731AD1FBE4A48002E0CCE /* BCanvasController.m in Sources */ = {isa = PBXBuildFile; fileRef = 775731AC1FBE4A48002E0CCE /* BCanvasController.m */; };
		775731B01FBE50B5002E0CCE /* BSectionHeader.m in Sources */ = {isa = PBXBuildFile; fileRef = 775731AF1FBE50B5002E0CCE /* BSectionHeader.m */; };
		775731B31FBE76B6002E0CCE /* BNavigationView.m in Sources */ = {isa = PBXBuildFile; fileRef = 775731B21FBE76B6002E0CCE /* BNavigationView.m */; };
		775C1C151FE0B80500C8EF7C /* BCameraController.m in Sources */ = {isa = PBXBuildFile; fileRef = 775C1C141FE0B80500C8EF7C /* BCameraController.m */; };
		775C1C181FE0B86400C8EF7C /* GDFormInput.m in Sources */ = {isa = PBXBuildFile; fileRef = 775C1C171FE0B86400C8EF7C /* GDFormInput.m */; };
		775C1C1B1FE202CE00C8EF7C /* BUserProfileHeader.m in Sources */ = {isa = PBXBuildFile; fileRef = 775C1C1A1FE202CE00C8EF7C /* BUserProfileHeader.m */; };
		775C1C1E1FE22D7800C8EF7C /* BAuthenticateController.m in Sources */ = {isa = PBXBuildFile; fileRef = 775C1C1D1FE22D7800C8EF7C /* BAuthenticateController.m */; };
		775C1C211FE24E8C00C8EF7C /* BCompleteController.m in Sources */ = {isa = PBXBuildFile; fileRef = 775C1C201FE24E8C00C8EF7C /* BCompleteController.m */; };
		77656A981FB26478006F0854 /* UserNotifications.framework in Frameworks */ = {isa = PBXBuildFile; fileRef = 77656A971FB26477006F0854 /* UserNotifications.framework */; };
		77656A9B1FB286E0006F0854 /* BSegmentControl.m in Sources */ = {isa = PBXBuildFile; fileRef = 77656A9A1FB286DF006F0854 /* BSegmentControl.m */; };
		77656AA21FB29624006F0854 /* GDStatusLabel.m in Sources */ = {isa = PBXBuildFile; fileRef = 77656AA01FB29623006F0854 /* GDStatusLabel.m */; };
		7765B49B200AA96F00374EDE /* SystemConfiguration.framework in Frameworks */ = {isa = PBXBuildFile; fileRef = 7765B49A200AA96F00374EDE /* SystemConfiguration.framework */; };
		7765B49D200AA97700374EDE /* CoreTelephony.framework in Frameworks */ = {isa = PBXBuildFile; fileRef = 7765B49C200AA97700374EDE /* CoreTelephony.framework */; };
		7778B1CA1FCC77FE00E5B83D /* BProfileHeader.m in Sources */ = {isa = PBXBuildFile; fileRef = 7778B1C91FCC77FE00E5B83D /* BProfileHeader.m */; };
		7778B1CC1FCCC42500E5B83D /* QuartzCore.framework in Frameworks */ = {isa = PBXBuildFile; fileRef = 7778B1CB1FCCC42500E5B83D /* QuartzCore.framework */; };
		7778B1CE1FCCC42C00E5B83D /* AVFoundation.framework in Frameworks */ = {isa = PBXBuildFile; fileRef = 7778B1CD1FCCC42C00E5B83D /* AVFoundation.framework */; };
		7778B1D01FCCC43100E5B83D /* Photos.framework in Frameworks */ = {isa = PBXBuildFile; fileRef = 7778B1CF1FCCC43100E5B83D /* Photos.framework */; };
		7778B1D31FCCC4CE00E5B83D /* BCanvasNavigation.m in Sources */ = {isa = PBXBuildFile; fileRef = 7778B1D21FCCC4CE00E5B83D /* BCanvasNavigation.m */; };
		7778B1D61FCCF16D00E5B83D /* BImageObject.m in Sources */ = {isa = PBXBuildFile; fileRef = 7778B1D51FCCF16D00E5B83D /* BImageObject.m */; };
		7778B1D91FCD16FA00E5B83D /* BGalleryController.m in Sources */ = {isa = PBXBuildFile; fileRef = 7778B1D81FCD16FA00E5B83D /* BGalleryController.m */; };
		7778B1DC1FCD1F3E00E5B83D /* BGalleryCell.m in Sources */ = {isa = PBXBuildFile; fileRef = 7778B1DB1FCD1F3E00E5B83D /* BGalleryCell.m */; };
		7778B1DE1FCD229C00E5B83D /* CoreImage.framework in Frameworks */ = {isa = PBXBuildFile; fileRef = 7778B1DD1FCD229C00E5B83D /* CoreImage.framework */; };
		7778B1E11FCF3EB500E5B83D /* GDFeedbackController.m in Sources */ = {isa = PBXBuildFile; fileRef = 7778B1DF1FCF3EB400E5B83D /* GDFeedbackController.m */; };
		7778B1E41FCF415A00E5B83D /* UITextView+Placeholder.m in Sources */ = {isa = PBXBuildFile; fileRef = 7778B1E31FCF415A00E5B83D /* UITextView+Placeholder.m */; };
		7778B1EB1FCFA42F00E5B83D /* UIImage+Alpha.m in Sources */ = {isa = PBXBuildFile; fileRef = 7778B1EA1FCFA42F00E5B83D /* UIImage+Alpha.m */; };
		7778B1ED1FCFB03E00E5B83D /* Settings.plist in Resources */ = {isa = PBXBuildFile; fileRef = 7778B1EC1FCFB03E00E5B83D /* Settings.plist */; };
		7778B1F01FCFB0C600E5B83D /* BSettingsController.m in Sources */ = {isa = PBXBuildFile; fileRef = 7778B1EF1FCFB0C600E5B83D /* BSettingsController.m */; };
		7778B1F31FCFB3D800E5B83D /* BSettingsCell.m in Sources */ = {isa = PBXBuildFile; fileRef = 7778B1F21FCFB3D800E5B83D /* BSettingsCell.m */; };
		77845262200F7DB3003A4841 /* NotificationService.m in Sources */ = {isa = PBXBuildFile; fileRef = 77845261200F7DB3003A4841 /* NotificationService.m */; };
		77845266200F7DB3003A4841 /* BlrrdNotifications.appex in Embed App Extensions */ = {isa = PBXBuildFile; fileRef = 7784525E200F7DB3003A4841 /* BlrrdNotifications.appex */; settings = {ATTRIBUTES = (RemoveHeadersOnCopy, ); }; };
		7784526E20122887003A4841 /* blrrd_notification.wav in Resources */ = {isa = PBXBuildFile; fileRef = 7784526D20122886003A4841 /* blrrd_notification.wav */; };
		778D9B171FABB53600878A6A /* AppDelegate.m in Sources */ = {isa = PBXBuildFile; fileRef = 778D9B161FABB53600878A6A /* AppDelegate.m */; };
		778D9B1D1FABB53600878A6A /* Main.storyboard in Resources */ = {isa = PBXBuildFile; fileRef = 778D9B1B1FABB53600878A6A /* Main.storyboard */; };
		778D9B1F1FABB53600878A6A /* Assets.xcassets in Resources */ = {isa = PBXBuildFile; fileRef = 778D9B1E1FABB53600878A6A /* Assets.xcassets */; };
		778D9B221FABB53600878A6A /* LaunchScreen.storyboard in Resources */ = {isa = PBXBuildFile; fileRef = 778D9B201FABB53600878A6A /* LaunchScreen.storyboard */; };
		778D9B251FABB53600878A6A /* main.m in Sources */ = {isa = PBXBuildFile; fileRef = 778D9B241FABB53600878A6A /* main.m */; };
		778D9B2F1FABB53600878A6A /* BlrrdTests.m in Sources */ = {isa = PBXBuildFile; fileRef = 778D9B2E1FABB53600878A6A /* BlrrdTests.m */; };
		778D9B3A1FABB53600878A6A /* BlrrdUITests.m in Sources */ = {isa = PBXBuildFile; fileRef = 778D9B391FABB53600878A6A /* BlrrdUITests.m */; };
		778D9B4A1FABCC1400878A6A /* BCredentialsObject.m in Sources */ = {isa = PBXBuildFile; fileRef = 778D9B491FABCC1400878A6A /* BCredentialsObject.m */; };
		778D9B4E1FABCC7700878A6A /* Localizable.strings in Resources */ = {isa = PBXBuildFile; fileRef = 778D9B501FABCC7700878A6A /* Localizable.strings */; };
		778D9B5A1FABD27900878A6A /* NSString+EmailAddresses.m in Sources */ = {isa = PBXBuildFile; fileRef = 778D9B581FABD27800878A6A /* NSString+EmailAddresses.m */; };
		778D9B5C1FABD60F00878A6A /* StoreKit.framework in Frameworks */ = {isa = PBXBuildFile; fileRef = 778D9B5B1FABD60F00878A6A /* StoreKit.framework */; };
		778D9B5F1FABD63700878A6A /* BQueryObject.m in Sources */ = {isa = PBXBuildFile; fileRef = 778D9B5E1FABD63700878A6A /* BQueryObject.m */; };
		778D9B621FABEB5100878A6A /* BContainerController.m in Sources */ = {isa = PBXBuildFile; fileRef = 778D9B611FABEB5100878A6A /* BContainerController.m */; };
		778D9B6A1FABEBD300878A6A /* BTimelineSubview.m in Sources */ = {isa = PBXBuildFile; fileRef = 778D9B691FABEBD300878A6A /* BTimelineSubview.m */; };
		778D9B6D1FABEC1600878A6A /* BBlurredCell.m in Sources */ = {isa = PBXBuildFile; fileRef = 778D9B6C1FABEC1600878A6A /* BBlurredCell.m */; };
		778D9B721FABF18A00878A6A /* GDPlaceholderView.m in Sources */ = {isa = PBXBuildFile; fileRef = 778D9B711FABF18A00878A6A /* GDPlaceholderView.m */; };
		779994AB1FB9EB130002531B /* Accelerate.framework in Frameworks */ = {isa = PBXBuildFile; fileRef = 779994AA1FB9EB130002531B /* Accelerate.framework */; };
		779994AC1FB9EBED0002531B /* CoreMotion.framework in Frameworks */ = {isa = PBXBuildFile; fileRef = 779994A81FB9EAEF0002531B /* CoreMotion.framework */; };
		779994AF1FBA03830002531B /* BUsageObject.m in Sources */ = {isa = PBXBuildFile; fileRef = 779994AE1FBA03830002531B /* BUsageObject.m */; };
		779994B21FBA155C0002531B /* BFooterView.m in Sources */ = {isa = PBXBuildFile; fileRef = 779994B11FBA155C0002531B /* BFooterView.m */; };
		779994B71FBB69110002531B /* BChannelController.m in Sources */ = {isa = PBXBuildFile; fileRef = 779994B61FBB69110002531B /* BChannelController.m */; };
		779994BA1FBB69270002531B /* BChannelCell.m in Sources */ = {isa = PBXBuildFile; fileRef = 779994B91FBB69270002531B /* BChannelCell.m */; };
		77B4EBCF1FD60D0200F448CC /* BDeailedImageController.m in Sources */ = {isa = PBXBuildFile; fileRef = 77B4EBCE1FD60D0200F448CC /* BDeailedImageController.m */; };
		77B4EBD81FD6170200F448CC /* BNotificationsController.m in Sources */ = {isa = PBXBuildFile; fileRef = 77B4EBD71FD6170200F448CC /* BNotificationsController.m */; };
		77BDA3E21FBD446000249572 /* BDiscoverController.m in Sources */ = {isa = PBXBuildFile; fileRef = 77BDA3E11FBD446000249572 /* BDiscoverController.m */; };
		77BDA3E51FBD4C4A00249572 /* BNotificationCell.m in Sources */ = {isa = PBXBuildFile; fileRef = 77BDA3E41FBD4C4A00249572 /* BNotificationCell.m */; };
		77BDA3E81FBDF95E00249572 /* BFriendCell.m in Sources */ = {isa = PBXBuildFile; fileRef = 77BDA3E71FBDF95E00249572 /* BFriendCell.m */; };
		77BDA3EB1FBDFE1E00249572 /* BDetailedTimelineController.m in Sources */ = {isa = PBXBuildFile; fileRef = 77BDA3EA1FBDFE1E00249572 /* BDetailedTimelineController.m */; };
		77BDA3EE1FBE15D100249572 /* BTabbarView.m in Sources */ = {isa = PBXBuildFile; fileRef = 77BDA3ED1FBE15D100249572 /* BTabbarView.m */; };
		77CB9B7C1FE96DEC00A9F7BE /* BCanvasView.m in Sources */ = {isa = PBXBuildFile; fileRef = 77CB9B7B1FE96DEB00A9F7BE /* BCanvasView.m */; };
		77D2BA8C1FD6302400595A21 /* BOnboardingController.m in Sources */ = {isa = PBXBuildFile; fileRef = 77D2BA8B1FD6302400595A21 /* BOnboardingController.m */; };
		77D5AE681FDB5E2B00765EAE /* BSearchView.m in Sources */ = {isa = PBXBuildFile; fileRef = 77D5AE661FDB5E2A00765EAE /* BSearchView.m */; };
		77D5AE6D1FDDBA8B00765EAE /* Reachability.m in Sources */ = {isa = PBXBuildFile; fileRef = 77D5AE691FDDBA8900765EAE /* Reachability.m */; };
		77D5AE6E1FDDBA8B00765EAE /* GDActionSheet.m in Sources */ = {isa = PBXBuildFile; fileRef = 77D5AE6B1FDDBA8A00765EAE /* GDActionSheet.m */; };
		77D5AE711FDDE59200765EAE /* BFollowAction.m in Sources */ = {isa = PBXBuildFile; fileRef = 77D5AE701FDDE59200765EAE /* BFollowAction.m */; };
/* End PBXBuildFile section */

/* Begin PBXContainerItemProxy section */
		77845264200F7DB3003A4841 /* PBXContainerItemProxy */ = {
			isa = PBXContainerItemProxy;
			containerPortal = 778D9B0A1FABB53600878A6A /* Project object */;
			proxyType = 1;
			remoteGlobalIDString = 7784525D200F7DB3003A4841;
			remoteInfo = BlrrdNotifications;
		};
		778D9B2B1FABB53600878A6A /* PBXContainerItemProxy */ = {
			isa = PBXContainerItemProxy;
			containerPortal = 778D9B0A1FABB53600878A6A /* Project object */;
			proxyType = 1;
			remoteGlobalIDString = 778D9B111FABB53600878A6A;
			remoteInfo = Blrrd;
		};
		778D9B361FABB53600878A6A /* PBXContainerItemProxy */ = {
			isa = PBXContainerItemProxy;
			containerPortal = 778D9B0A1FABB53600878A6A /* Project object */;
			proxyType = 1;
			remoteGlobalIDString = 778D9B111FABB53600878A6A;
			remoteInfo = Blrrd;
		};
/* End PBXContainerItemProxy section */

/* Begin PBXCopyFilesBuildPhase section */
		7765B4992008D29100374EDE /* Embed App Extensions */ = {
			isa = PBXCopyFilesBuildPhase;
			buildActionMask = 2147483647;
			dstPath = "";
			dstSubfolderSpec = 13;
			files = (
				77845266200F7DB3003A4841 /* BlrrdNotifications.appex in Embed App Extensions */,
			);
			name = "Embed App Extensions";
			runOnlyForDeploymentPostprocessing = 0;
		};
/* End PBXCopyFilesBuildPhase section */

/* Begin PBXFileReference section */
		0676E4263BE463808AD0C968 /* Pods-BlrrdUITests.debug.xcconfig */ = {isa = PBXFileReference; includeInIndex = 1; lastKnownFileType = text.xcconfig; name = "Pods-BlrrdUITests.debug.xcconfig"; path = "Pods/Target Support Files/Pods-BlrrdUITests/Pods-BlrrdUITests.debug.xcconfig"; sourceTree = "<group>"; };
		0C4664F8AB1018209E43075B /* libPods-OneSignalNotificationServiceExtension.a */ = {isa = PBXFileReference; explicitFileType = archive.ar; includeInIndex = 0; path = "libPods-OneSignalNotificationServiceExtension.a"; sourceTree = BUILT_PRODUCTS_DIR; };
		2B6DF46065B4934E1855AD8D /* Pods-Blrrd.release.xcconfig */ = {isa = PBXFileReference; includeInIndex = 1; lastKnownFileType = text.xcconfig; name = "Pods-Blrrd.release.xcconfig"; path = "Pods/Target Support Files/Pods-Blrrd/Pods-Blrrd.release.xcconfig"; sourceTree = "<group>"; };
		35E422484A04BE2FA5B4236E /* Pods-BlrrdTests.release.xcconfig */ = {isa = PBXFileReference; includeInIndex = 1; lastKnownFileType = text.xcconfig; name = "Pods-BlrrdTests.release.xcconfig"; path = "Pods/Target Support Files/Pods-BlrrdTests/Pods-BlrrdTests.release.xcconfig"; sourceTree = "<group>"; };
		4D03DFD143260305F4E5E860 /* Pods-Blrrd.debug.xcconfig */ = {isa = PBXFileReference; includeInIndex = 1; lastKnownFileType = text.xcconfig; name = "Pods-Blrrd.debug.xcconfig"; path = "Pods/Target Support Files/Pods-Blrrd/Pods-Blrrd.debug.xcconfig"; sourceTree = "<group>"; };
		525024B0D28D89B1872A70B5 /* libPods-BlrrdTests.a */ = {isa = PBXFileReference; explicitFileType = archive.ar; includeInIndex = 0; path = "libPods-BlrrdTests.a"; sourceTree = BUILT_PRODUCTS_DIR; };
		5A0DAE56A3D11D0960ED7839 /* Pods-OneSignalNotificationServiceExtension.debug.xcconfig */ = {isa = PBXFileReference; includeInIndex = 1; lastKnownFileType = text.xcconfig; name = "Pods-OneSignalNotificationServiceExtension.debug.xcconfig"; path = "Pods/Target Support Files/Pods-OneSignalNotificationServiceExtension/Pods-OneSignalNotificationServiceExtension.debug.xcconfig"; sourceTree = "<group>"; };
		6EC6E94C2F62261082206C6F /* Pods-BlrrdUITests.release.xcconfig */ = {isa = PBXFileReference; includeInIndex = 1; lastKnownFileType = text.xcconfig; name = "Pods-BlrrdUITests.release.xcconfig"; path = "Pods/Target Support Files/Pods-BlrrdUITests/Pods-BlrrdUITests.release.xcconfig"; sourceTree = "<group>"; };
		7737127E1FCFBD4B00E507AE /* SafariServices.framework */ = {isa = PBXFileReference; lastKnownFileType = wrapper.framework; name = SafariServices.framework; path = System/Library/Frameworks/SafariServices.framework; sourceTree = SDKROOT; };
		773712801FD0654000E507AE /* BDocumentController.h */ = {isa = PBXFileReference; lastKnownFileType = sourcecode.c.h; path = BDocumentController.h; sourceTree = "<group>"; };
		773712811FD0654000E507AE /* BDocumentController.m */ = {isa = PBXFileReference; lastKnownFileType = sourcecode.c.objc; path = BDocumentController.m; sourceTree = "<group>"; };
		773712881FD06B5300E507AE /* terms.pdf */ = {isa = PBXFileReference; lastKnownFileType = image.pdf; path = terms.pdf; sourceTree = "<group>"; };
		7737128D1FD09B3A00E507AE /* BProfileCell.h */ = {isa = PBXFileReference; lastKnownFileType = sourcecode.c.h; path = BProfileCell.h; sourceTree = "<group>"; };
		7737128E1FD09B3A00E507AE /* BProfileCell.m */ = {isa = PBXFileReference; lastKnownFileType = sourcecode.c.objc; path = BProfileCell.m; sourceTree = "<group>"; };
		773712901FD0BFA600E507AE /* BProfileImagesController.h */ = {isa = PBXFileReference; lastKnownFileType = sourcecode.c.h; path = BProfileImagesController.h; sourceTree = "<group>"; };
		773712911FD0BFA600E507AE /* BProfileImagesController.m */ = {isa = PBXFileReference; lastKnownFileType = sourcecode.c.objc; path = BProfileImagesController.m; sourceTree = "<group>"; };
		773712931FD0C32700E507AE /* BProfileContainerCell.h */ = {isa = PBXFileReference; lastKnownFileType = sourcecode.c.h; path = BProfileContainerCell.h; sourceTree = "<group>"; };
		773712941FD0C32700E507AE /* BProfileContainerCell.m */ = {isa = PBXFileReference; lastKnownFileType = sourcecode.c.objc; path = BProfileContainerCell.m; sourceTree = "<group>"; };
		773712961FD0D8F100E507AE /* BAuthenticationHeader.h */ = {isa = PBXFileReference; lastKnownFileType = sourcecode.c.h; path = BAuthenticationHeader.h; sourceTree = "<group>"; };
		773712971FD0D8F100E507AE /* BAuthenticationHeader.m */ = {isa = PBXFileReference; lastKnownFileType = sourcecode.c.objc; path = BAuthenticationHeader.m; sourceTree = "<group>"; };
		7737129C1FD1FB7800E507AE /* GoogLeNetPlaces.mlmodel */ = {isa = PBXFileReference; lastKnownFileType = file.mlmodel; path = GoogLeNetPlaces.mlmodel; sourceTree = "<group>"; };
		7737129E1FD1FD1500E507AE /* CoreML.framework */ = {isa = PBXFileReference; lastKnownFileType = wrapper.framework; name = CoreML.framework; path = System/Library/Frameworks/CoreML.framework; sourceTree = SDKROOT; };
		773C723D1FDAF1D000D8220E /* BFriendFinderController.h */ = {isa = PBXFileReference; lastKnownFileType = sourcecode.c.h; path = BFriendFinderController.h; sourceTree = "<group>"; };
		773C723E1FDAF1D000D8220E /* BFriendFinderController.m */ = {isa = PBXFileReference; lastKnownFileType = sourcecode.c.objc; path = BFriendFinderController.m; sourceTree = "<group>"; };
		7757318E1FBE3F5B002E0CCE /* Nunito-ExtraLightItalic.ttf */ = {isa = PBXFileReference; lastKnownFileType = file; path = "Nunito-ExtraLightItalic.ttf"; sourceTree = "<group>"; };
		7757318F1FBE3F5B002E0CCE /* Nunito-ExtraBold.ttf */ = {isa = PBXFileReference; lastKnownFileType = file; path = "Nunito-ExtraBold.ttf"; sourceTree = "<group>"; };
		775731901FBE3F5C002E0CCE /* Nunito-Bold.ttf */ = {isa = PBXFileReference; lastKnownFileType = file; path = "Nunito-Bold.ttf"; sourceTree = "<group>"; };
		775731911FBE3F5C002E0CCE /* Nunito-Light.ttf */ = {isa = PBXFileReference; lastKnownFileType = file; path = "Nunito-Light.ttf"; sourceTree = "<group>"; };
		775731921FBE3F5C002E0CCE /* Nunito-SemiBold.ttf */ = {isa = PBXFileReference; lastKnownFileType = file; path = "Nunito-SemiBold.ttf"; sourceTree = "<group>"; };
		775731931FBE3F5C002E0CCE /* Nunito-Black.ttf */ = {isa = PBXFileReference; lastKnownFileType = file; path = "Nunito-Black.ttf"; sourceTree = "<group>"; };
		775731941FBE3F5C002E0CCE /* Nunito-BoldItalic.ttf */ = {isa = PBXFileReference; lastKnownFileType = file; path = "Nunito-BoldItalic.ttf"; sourceTree = "<group>"; };
		775731951FBE3F5D002E0CCE /* Nunito-BlackItalic.ttf */ = {isa = PBXFileReference; lastKnownFileType = file; path = "Nunito-BlackItalic.ttf"; sourceTree = "<group>"; };
		775731961FBE3F5D002E0CCE /* Nunito-SemiBoldItalic.ttf */ = {isa = PBXFileReference; lastKnownFileType = file; path = "Nunito-SemiBoldItalic.ttf"; sourceTree = "<group>"; };
		775731971FBE3F5D002E0CCE /* Nunito-ExtraBoldItalic.ttf */ = {isa = PBXFileReference; lastKnownFileType = file; path = "Nunito-ExtraBoldItalic.ttf"; sourceTree = "<group>"; };
		775731981FBE3F5D002E0CCE /* Nunito-Italic.ttf */ = {isa = PBXFileReference; lastKnownFileType = file; path = "Nunito-Italic.ttf"; sourceTree = "<group>"; };
		775731991FBE3F5D002E0CCE /* Nunito-ExtraLight.ttf */ = {isa = PBXFileReference; lastKnownFileType = file; path = "Nunito-ExtraLight.ttf"; sourceTree = "<group>"; };
		7757319A1FBE3F5D002E0CCE /* Nunito-Regular.ttf */ = {isa = PBXFileReference; lastKnownFileType = file; path = "Nunito-Regular.ttf"; sourceTree = "<group>"; };
		7757319B1FBE3F5E002E0CCE /* Nunito-LightItalic.ttf */ = {isa = PBXFileReference; lastKnownFileType = file; path = "Nunito-LightItalic.ttf"; sourceTree = "<group>"; };
		775731AB1FBE4A48002E0CCE /* BCanvasController.h */ = {isa = PBXFileReference; lastKnownFileType = sourcecode.c.h; path = BCanvasController.h; sourceTree = "<group>"; };
		775731AC1FBE4A48002E0CCE /* BCanvasController.m */ = {isa = PBXFileReference; lastKnownFileType = sourcecode.c.objc; path = BCanvasController.m; sourceTree = "<group>"; };
		775731AE1FBE50B5002E0CCE /* BSectionHeader.h */ = {isa = PBXFileReference; lastKnownFileType = sourcecode.c.h; path = BSectionHeader.h; sourceTree = "<group>"; };
		775731AF1FBE50B5002E0CCE /* BSectionHeader.m */ = {isa = PBXFileReference; lastKnownFileType = sourcecode.c.objc; path = BSectionHeader.m; sourceTree = "<group>"; };
		775731B11FBE76B6002E0CCE /* BNavigationView.h */ = {isa = PBXFileReference; lastKnownFileType = sourcecode.c.h; path = BNavigationView.h; sourceTree = "<group>"; };
		775731B21FBE76B6002E0CCE /* BNavigationView.m */ = {isa = PBXFileReference; lastKnownFileType = sourcecode.c.objc; path = BNavigationView.m; sourceTree = "<group>"; };
		775C1C131FE0B80500C8EF7C /* BCameraController.h */ = {isa = PBXFileReference; lastKnownFileType = sourcecode.c.h; path = BCameraController.h; sourceTree = "<group>"; };
		775C1C141FE0B80500C8EF7C /* BCameraController.m */ = {isa = PBXFileReference; lastKnownFileType = sourcecode.c.objc; path = BCameraController.m; sourceTree = "<group>"; };
		775C1C161FE0B86400C8EF7C /* GDFormInput.h */ = {isa = PBXFileReference; fileEncoding = 4; lastKnownFileType = sourcecode.c.h; path = GDFormInput.h; sourceTree = "<group>"; };
		775C1C171FE0B86400C8EF7C /* GDFormInput.m */ = {isa = PBXFileReference; fileEncoding = 4; lastKnownFileType = sourcecode.c.objc; path = GDFormInput.m; sourceTree = "<group>"; };
		775C1C191FE202CE00C8EF7C /* BUserProfileHeader.h */ = {isa = PBXFileReference; lastKnownFileType = sourcecode.c.h; path = BUserProfileHeader.h; sourceTree = "<group>"; };
		775C1C1A1FE202CE00C8EF7C /* BUserProfileHeader.m */ = {isa = PBXFileReference; lastKnownFileType = sourcecode.c.objc; path = BUserProfileHeader.m; sourceTree = "<group>"; };
		775C1C1C1FE22D7800C8EF7C /* BAuthenticateController.h */ = {isa = PBXFileReference; lastKnownFileType = sourcecode.c.h; path = BAuthenticateController.h; sourceTree = "<group>"; };
		775C1C1D1FE22D7800C8EF7C /* BAuthenticateController.m */ = {isa = PBXFileReference; lastKnownFileType = sourcecode.c.objc; path = BAuthenticateController.m; sourceTree = "<group>"; };
		775C1C1F1FE24E8C00C8EF7C /* BCompleteController.h */ = {isa = PBXFileReference; lastKnownFileType = sourcecode.c.h; path = BCompleteController.h; sourceTree = "<group>"; };
		775C1C201FE24E8C00C8EF7C /* BCompleteController.m */ = {isa = PBXFileReference; lastKnownFileType = sourcecode.c.objc; path = BCompleteController.m; sourceTree = "<group>"; };
		77656A971FB26477006F0854 /* UserNotifications.framework */ = {isa = PBXFileReference; lastKnownFileType = wrapper.framework; name = UserNotifications.framework; path = System/Library/Frameworks/UserNotifications.framework; sourceTree = SDKROOT; };
		77656A991FB286DF006F0854 /* BSegmentControl.h */ = {isa = PBXFileReference; fileEncoding = 4; lastKnownFileType = sourcecode.c.h; path = BSegmentControl.h; sourceTree = "<group>"; };
		77656A9A1FB286DF006F0854 /* BSegmentControl.m */ = {isa = PBXFileReference; fileEncoding = 4; lastKnownFileType = sourcecode.c.objc; path = BSegmentControl.m; sourceTree = "<group>"; };
		77656AA01FB29623006F0854 /* GDStatusLabel.m */ = {isa = PBXFileReference; fileEncoding = 4; lastKnownFileType = sourcecode.c.objc; path = GDStatusLabel.m; sourceTree = "<group>"; };
		77656AA11FB29624006F0854 /* GDStatusLabel.h */ = {isa = PBXFileReference; fileEncoding = 4; lastKnownFileType = sourcecode.c.h; path = GDStatusLabel.h; sourceTree = "<group>"; };
		7765B49A200AA96F00374EDE /* SystemConfiguration.framework */ = {isa = PBXFileReference; lastKnownFileType = wrapper.framework; name = SystemConfiguration.framework; path = System/Library/Frameworks/SystemConfiguration.framework; sourceTree = SDKROOT; };
		7765B49C200AA97700374EDE /* CoreTelephony.framework */ = {isa = PBXFileReference; lastKnownFileType = wrapper.framework; name = CoreTelephony.framework; path = System/Library/Frameworks/CoreTelephony.framework; sourceTree = SDKROOT; };
		7778B1C81FCC77FE00E5B83D /* BProfileHeader.h */ = {isa = PBXFileReference; lastKnownFileType = sourcecode.c.h; path = BProfileHeader.h; sourceTree = "<group>"; };
		7778B1C91FCC77FE00E5B83D /* BProfileHeader.m */ = {isa = PBXFileReference; lastKnownFileType = sourcecode.c.objc; path = BProfileHeader.m; sourceTree = "<group>"; };
		7778B1CB1FCCC42500E5B83D /* QuartzCore.framework */ = {isa = PBXFileReference; lastKnownFileType = wrapper.framework; name = QuartzCore.framework; path = System/Library/Frameworks/QuartzCore.framework; sourceTree = SDKROOT; };
		7778B1CD1FCCC42C00E5B83D /* AVFoundation.framework */ = {isa = PBXFileReference; lastKnownFileType = wrapper.framework; name = AVFoundation.framework; path = System/Library/Frameworks/AVFoundation.framework; sourceTree = SDKROOT; };
		7778B1CF1FCCC43100E5B83D /* Photos.framework */ = {isa = PBXFileReference; lastKnownFileType = wrapper.framework; name = Photos.framework; path = System/Library/Frameworks/Photos.framework; sourceTree = SDKROOT; };
		7778B1D11FCCC4CE00E5B83D /* BCanvasNavigation.h */ = {isa = PBXFileReference; lastKnownFileType = sourcecode.c.h; path = BCanvasNavigation.h; sourceTree = "<group>"; };
		7778B1D21FCCC4CE00E5B83D /* BCanvasNavigation.m */ = {isa = PBXFileReference; lastKnownFileType = sourcecode.c.objc; path = BCanvasNavigation.m; sourceTree = "<group>"; };
		7778B1D41FCCF16D00E5B83D /* BImageObject.h */ = {isa = PBXFileReference; lastKnownFileType = sourcecode.c.h; path = BImageObject.h; sourceTree = "<group>"; };
		7778B1D51FCCF16D00E5B83D /* BImageObject.m */ = {isa = PBXFileReference; lastKnownFileType = sourcecode.c.objc; path = BImageObject.m; sourceTree = "<group>"; };
		7778B1D71FCD16FA00E5B83D /* BGalleryController.h */ = {isa = PBXFileReference; lastKnownFileType = sourcecode.c.h; path = BGalleryController.h; sourceTree = "<group>"; };
		7778B1D81FCD16FA00E5B83D /* BGalleryController.m */ = {isa = PBXFileReference; lastKnownFileType = sourcecode.c.objc; path = BGalleryController.m; sourceTree = "<group>"; };
		7778B1DA1FCD1F3E00E5B83D /* BGalleryCell.h */ = {isa = PBXFileReference; lastKnownFileType = sourcecode.c.h; path = BGalleryCell.h; sourceTree = "<group>"; };
		7778B1DB1FCD1F3E00E5B83D /* BGalleryCell.m */ = {isa = PBXFileReference; lastKnownFileType = sourcecode.c.objc; path = BGalleryCell.m; sourceTree = "<group>"; };
		7778B1DD1FCD229C00E5B83D /* CoreImage.framework */ = {isa = PBXFileReference; lastKnownFileType = wrapper.framework; name = CoreImage.framework; path = System/Library/Frameworks/CoreImage.framework; sourceTree = SDKROOT; };
		7778B1DF1FCF3EB400E5B83D /* GDFeedbackController.m */ = {isa = PBXFileReference; fileEncoding = 4; lastKnownFileType = sourcecode.c.objc; path = GDFeedbackController.m; sourceTree = "<group>"; };
		7778B1E01FCF3EB500E5B83D /* GDFeedbackController.h */ = {isa = PBXFileReference; fileEncoding = 4; lastKnownFileType = sourcecode.c.h; path = GDFeedbackController.h; sourceTree = "<group>"; };
		7778B1E21FCF411200E5B83D /* UITextView+Placeholder.h */ = {isa = PBXFileReference; fileEncoding = 4; lastKnownFileType = sourcecode.c.h; path = "UITextView+Placeholder.h"; sourceTree = "<group>"; };
		7778B1E31FCF415A00E5B83D /* UITextView+Placeholder.m */ = {isa = PBXFileReference; fileEncoding = 4; lastKnownFileType = sourcecode.c.objc; path = "UITextView+Placeholder.m"; sourceTree = "<group>"; };
		7778B1E91FCFA42E00E5B83D /* UIImage+Alpha.h */ = {isa = PBXFileReference; fileEncoding = 4; lastKnownFileType = sourcecode.c.h; path = "UIImage+Alpha.h"; sourceTree = "<group>"; };
		7778B1EA1FCFA42F00E5B83D /* UIImage+Alpha.m */ = {isa = PBXFileReference; fileEncoding = 4; lastKnownFileType = sourcecode.c.objc; path = "UIImage+Alpha.m"; sourceTree = "<group>"; };
		7778B1EC1FCFB03E00E5B83D /* Settings.plist */ = {isa = PBXFileReference; lastKnownFileType = text.plist.xml; path = Settings.plist; sourceTree = "<group>"; };
		7778B1EE1FCFB0C600E5B83D /* BSettingsController.h */ = {isa = PBXFileReference; lastKnownFileType = sourcecode.c.h; path = BSettingsController.h; sourceTree = "<group>"; };
		7778B1EF1FCFB0C600E5B83D /* BSettingsController.m */ = {isa = PBXFileReference; lastKnownFileType = sourcecode.c.objc; path = BSettingsController.m; sourceTree = "<group>"; };
		7778B1F11FCFB3D800E5B83D /* BSettingsCell.h */ = {isa = PBXFileReference; lastKnownFileType = sourcecode.c.h; path = BSettingsCell.h; sourceTree = "<group>"; };
		7778B1F21FCFB3D800E5B83D /* BSettingsCell.m */ = {isa = PBXFileReference; lastKnownFileType = sourcecode.c.objc; path = BSettingsCell.m; sourceTree = "<group>"; };
		7784525E200F7DB3003A4841 /* BlrrdNotifications.appex */ = {isa = PBXFileReference; explicitFileType = "wrapper.app-extension"; includeInIndex = 0; path = BlrrdNotifications.appex; sourceTree = BUILT_PRODUCTS_DIR; };
		77845260200F7DB3003A4841 /* NotificationService.h */ = {isa = PBXFileReference; lastKnownFileType = sourcecode.c.h; path = NotificationService.h; sourceTree = "<group>"; };
		77845261200F7DB3003A4841 /* NotificationService.m */ = {isa = PBXFileReference; lastKnownFileType = sourcecode.c.objc; path = NotificationService.m; sourceTree = "<group>"; };
		77845263200F7DB3003A4841 /* Info.plist */ = {isa = PBXFileReference; lastKnownFileType = text.plist.xml; path = Info.plist; sourceTree = "<group>"; };
		7784526D20122886003A4841 /* blrrd_notification.wav */ = {isa = PBXFileReference; lastKnownFileType = audio.wav; path = blrrd_notification.wav; sourceTree = "<group>"; };
		778D9B121FABB53600878A6A /* Blrrd.app */ = {isa = PBXFileReference; explicitFileType = wrapper.application; includeInIndex = 0; path = Blrrd.app; sourceTree = BUILT_PRODUCTS_DIR; };
		778D9B151FABB53600878A6A /* AppDelegate.h */ = {isa = PBXFileReference; lastKnownFileType = sourcecode.c.h; path = AppDelegate.h; sourceTree = "<group>"; };
		778D9B161FABB53600878A6A /* AppDelegate.m */ = {isa = PBXFileReference; lastKnownFileType = sourcecode.c.objc; path = AppDelegate.m; sourceTree = "<group>"; };
		778D9B1C1FABB53600878A6A /* Base */ = {isa = PBXFileReference; lastKnownFileType = file.storyboard; name = Base; path = Base.lproj/Main.storyboard; sourceTree = "<group>"; };
		778D9B1E1FABB53600878A6A /* Assets.xcassets */ = {isa = PBXFileReference; lastKnownFileType = folder.assetcatalog; path = Assets.xcassets; sourceTree = "<group>"; };
		778D9B211FABB53600878A6A /* Base */ = {isa = PBXFileReference; lastKnownFileType = file.storyboard; name = Base; path = Base.lproj/LaunchScreen.storyboard; sourceTree = "<group>"; };
		778D9B231FABB53600878A6A /* Info.plist */ = {isa = PBXFileReference; lastKnownFileType = text.plist.xml; path = Info.plist; sourceTree = "<group>"; };
		778D9B241FABB53600878A6A /* main.m */ = {isa = PBXFileReference; lastKnownFileType = sourcecode.c.objc; path = main.m; sourceTree = "<group>"; };
		778D9B2A1FABB53600878A6A /* BlrrdTests.xctest */ = {isa = PBXFileReference; explicitFileType = wrapper.cfbundle; includeInIndex = 0; path = BlrrdTests.xctest; sourceTree = BUILT_PRODUCTS_DIR; };
		778D9B2E1FABB53600878A6A /* BlrrdTests.m */ = {isa = PBXFileReference; lastKnownFileType = sourcecode.c.objc; path = BlrrdTests.m; sourceTree = "<group>"; };
		778D9B301FABB53600878A6A /* Info.plist */ = {isa = PBXFileReference; lastKnownFileType = text.plist.xml; path = Info.plist; sourceTree = "<group>"; };
		778D9B351FABB53600878A6A /* BlrrdUITests.xctest */ = {isa = PBXFileReference; explicitFileType = wrapper.cfbundle; includeInIndex = 0; path = BlrrdUITests.xctest; sourceTree = BUILT_PRODUCTS_DIR; };
		778D9B391FABB53600878A6A /* BlrrdUITests.m */ = {isa = PBXFileReference; lastKnownFileType = sourcecode.c.objc; path = BlrrdUITests.m; sourceTree = "<group>"; };
		778D9B3B1FABB53600878A6A /* Info.plist */ = {isa = PBXFileReference; lastKnownFileType = text.plist.xml; path = Info.plist; sourceTree = "<group>"; };
		778D9B481FABCC1400878A6A /* BCredentialsObject.h */ = {isa = PBXFileReference; lastKnownFileType = sourcecode.c.h; path = BCredentialsObject.h; sourceTree = "<group>"; };
		778D9B491FABCC1400878A6A /* BCredentialsObject.m */ = {isa = PBXFileReference; lastKnownFileType = sourcecode.c.objc; path = BCredentialsObject.m; sourceTree = "<group>"; };
		778D9B4B1FABCC2700878A6A /* BConstants.h */ = {isa = PBXFileReference; lastKnownFileType = sourcecode.c.h; path = BConstants.h; sourceTree = "<group>"; };
		778D9B4F1FABCC7700878A6A /* en */ = {isa = PBXFileReference; lastKnownFileType = text.plist.strings; name = en; path = en.lproj/Localizable.strings; sourceTree = "<group>"; };
		778D9B581FABD27800878A6A /* NSString+EmailAddresses.m */ = {isa = PBXFileReference; fileEncoding = 4; lastKnownFileType = sourcecode.c.objc; path = "NSString+EmailAddresses.m"; sourceTree = "<group>"; };
		778D9B591FABD27800878A6A /* NSString+EmailAddresses.h */ = {isa = PBXFileReference; fileEncoding = 4; lastKnownFileType = sourcecode.c.h; path = "NSString+EmailAddresses.h"; sourceTree = "<group>"; };
		778D9B5B1FABD60F00878A6A /* StoreKit.framework */ = {isa = PBXFileReference; lastKnownFileType = wrapper.framework; name = StoreKit.framework; path = System/Library/Frameworks/StoreKit.framework; sourceTree = SDKROOT; };
		778D9B5D1FABD63700878A6A /* BQueryObject.h */ = {isa = PBXFileReference; lastKnownFileType = sourcecode.c.h; path = BQueryObject.h; sourceTree = "<group>"; };
		778D9B5E1FABD63700878A6A /* BQueryObject.m */ = {isa = PBXFileReference; lastKnownFileType = sourcecode.c.objc; path = BQueryObject.m; sourceTree = "<group>"; };
		778D9B601FABEB5100878A6A /* BContainerController.h */ = {isa = PBXFileReference; lastKnownFileType = sourcecode.c.h; path = BContainerController.h; sourceTree = "<group>"; };
		778D9B611FABEB5100878A6A /* BContainerController.m */ = {isa = PBXFileReference; lastKnownFileType = sourcecode.c.objc; path = BContainerController.m; sourceTree = "<group>"; };
		778D9B681FABEBD300878A6A /* BTimelineSubview.h */ = {isa = PBXFileReference; lastKnownFileType = sourcecode.c.h; path = BTimelineSubview.h; sourceTree = "<group>"; };
		778D9B691FABEBD300878A6A /* BTimelineSubview.m */ = {isa = PBXFileReference; lastKnownFileType = sourcecode.c.objc; path = BTimelineSubview.m; sourceTree = "<group>"; };
		778D9B6B1FABEC1600878A6A /* BBlurredCell.h */ = {isa = PBXFileReference; lastKnownFileType = sourcecode.c.h; path = BBlurredCell.h; sourceTree = "<group>"; };
		778D9B6C1FABEC1600878A6A /* BBlurredCell.m */ = {isa = PBXFileReference; lastKnownFileType = sourcecode.c.objc; path = BBlurredCell.m; sourceTree = "<group>"; };
		778D9B701FABF18A00878A6A /* GDPlaceholderView.h */ = {isa = PBXFileReference; fileEncoding = 4; lastKnownFileType = sourcecode.c.h; path = GDPlaceholderView.h; sourceTree = "<group>"; };
		778D9B711FABF18A00878A6A /* GDPlaceholderView.m */ = {isa = PBXFileReference; fileEncoding = 4; lastKnownFileType = sourcecode.c.objc; path = GDPlaceholderView.m; sourceTree = "<group>"; };
		778D9B731FAC0E0F00878A6A /* UIImage+BlurExtension.h */ = {isa = PBXFileReference; fileEncoding = 4; lastKnownFileType = sourcecode.c.h; path = "UIImage+BlurExtension.h"; sourceTree = "<group>"; };
		778D9B741FAC9A9F00878A6A /* Blrrd.entitlements */ = {isa = PBXFileReference; lastKnownFileType = text.plist.entitlements; path = Blrrd.entitlements; sourceTree = "<group>"; };
		779994A81FB9EAEF0002531B /* CoreMotion.framework */ = {isa = PBXFileReference; lastKnownFileType = wrapper.framework; name = CoreMotion.framework; path = System/Library/Frameworks/CoreMotion.framework; sourceTree = SDKROOT; };
		779994AA1FB9EB130002531B /* Accelerate.framework */ = {isa = PBXFileReference; lastKnownFileType = wrapper.framework; name = Accelerate.framework; path = System/Library/Frameworks/Accelerate.framework; sourceTree = SDKROOT; };
		779994AD1FBA03830002531B /* BUsageObject.h */ = {isa = PBXFileReference; lastKnownFileType = sourcecode.c.h; path = BUsageObject.h; sourceTree = "<group>"; };
		779994AE1FBA03830002531B /* BUsageObject.m */ = {isa = PBXFileReference; lastKnownFileType = sourcecode.c.objc; path = BUsageObject.m; sourceTree = "<group>"; };
		779994B01FBA155C0002531B /* BFooterView.h */ = {isa = PBXFileReference; lastKnownFileType = sourcecode.c.h; path = BFooterView.h; sourceTree = "<group>"; };
		779994B11FBA155C0002531B /* BFooterView.m */ = {isa = PBXFileReference; lastKnownFileType = sourcecode.c.objc; path = BFooterView.m; sourceTree = "<group>"; };
		779994B51FBB69110002531B /* BChannelController.h */ = {isa = PBXFileReference; lastKnownFileType = sourcecode.c.h; path = BChannelController.h; sourceTree = "<group>"; };
		779994B61FBB69110002531B /* BChannelController.m */ = {isa = PBXFileReference; lastKnownFileType = sourcecode.c.objc; path = BChannelController.m; sourceTree = "<group>"; };
		779994B81FBB69270002531B /* BChannelCell.h */ = {isa = PBXFileReference; lastKnownFileType = sourcecode.c.h; path = BChannelCell.h; sourceTree = "<group>"; };
		779994B91FBB69270002531B /* BChannelCell.m */ = {isa = PBXFileReference; lastKnownFileType = sourcecode.c.objc; path = BChannelCell.m; sourceTree = "<group>"; };
		77B4EBCD1FD60D0200F448CC /* BDeailedImageController.h */ = {isa = PBXFileReference; lastKnownFileType = sourcecode.c.h; path = BDeailedImageController.h; sourceTree = "<group>"; };
		77B4EBCE1FD60D0200F448CC /* BDeailedImageController.m */ = {isa = PBXFileReference; lastKnownFileType = sourcecode.c.objc; path = BDeailedImageController.m; sourceTree = "<group>"; };
		77B4EBD61FD6170100F448CC /* BNotificationsController.h */ = {isa = PBXFileReference; fileEncoding = 4; lastKnownFileType = sourcecode.c.h; path = BNotificationsController.h; sourceTree = "<group>"; };
		77B4EBD71FD6170200F448CC /* BNotificationsController.m */ = {isa = PBXFileReference; fileEncoding = 4; lastKnownFileType = sourcecode.c.objc; path = BNotificationsController.m; sourceTree = "<group>"; };
		77BDA3E01FBD446000249572 /* BDiscoverController.h */ = {isa = PBXFileReference; lastKnownFileType = sourcecode.c.h; path = BDiscoverController.h; sourceTree = "<group>"; };
		77BDA3E11FBD446000249572 /* BDiscoverController.m */ = {isa = PBXFileReference; lastKnownFileType = sourcecode.c.objc; path = BDiscoverController.m; sourceTree = "<group>"; };
		77BDA3E31FBD4C4A00249572 /* BNotificationCell.h */ = {isa = PBXFileReference; lastKnownFileType = sourcecode.c.h; path = BNotificationCell.h; sourceTree = "<group>"; };
		77BDA3E41FBD4C4A00249572 /* BNotificationCell.m */ = {isa = PBXFileReference; lastKnownFileType = sourcecode.c.objc; path = BNotificationCell.m; sourceTree = "<group>"; };
		77BDA3E61FBDF95E00249572 /* BFriendCell.h */ = {isa = PBXFileReference; lastKnownFileType = sourcecode.c.h; path = BFriendCell.h; sourceTree = "<group>"; };
		77BDA3E71FBDF95E00249572 /* BFriendCell.m */ = {isa = PBXFileReference; lastKnownFileType = sourcecode.c.objc; path = BFriendCell.m; sourceTree = "<group>"; };
		77BDA3E91FBDFE1E00249572 /* BDetailedTimelineController.h */ = {isa = PBXFileReference; lastKnownFileType = sourcecode.c.h; path = BDetailedTimelineController.h; sourceTree = "<group>"; };
		77BDA3EA1FBDFE1E00249572 /* BDetailedTimelineController.m */ = {isa = PBXFileReference; lastKnownFileType = sourcecode.c.objc; path = BDetailedTimelineController.m; sourceTree = "<group>"; };
		77BDA3EC1FBE15D100249572 /* BTabbarView.h */ = {isa = PBXFileReference; lastKnownFileType = sourcecode.c.h; path = BTabbarView.h; sourceTree = "<group>"; };
		77BDA3ED1FBE15D100249572 /* BTabbarView.m */ = {isa = PBXFileReference; lastKnownFileType = sourcecode.c.objc; path = BTabbarView.m; sourceTree = "<group>"; };
		77CB9B7A1FE96DEB00A9F7BE /* BCanvasView.h */ = {isa = PBXFileReference; lastKnownFileType = sourcecode.c.h; path = BCanvasView.h; sourceTree = "<group>"; };
		77CB9B7B1FE96DEB00A9F7BE /* BCanvasView.m */ = {isa = PBXFileReference; lastKnownFileType = sourcecode.c.objc; path = BCanvasView.m; sourceTree = "<group>"; };
		77D2BA8A1FD6302400595A21 /* BOnboardingController.h */ = {isa = PBXFileReference; lastKnownFileType = sourcecode.c.h; path = BOnboardingController.h; sourceTree = "<group>"; };
		77D2BA8B1FD6302400595A21 /* BOnboardingController.m */ = {isa = PBXFileReference; lastKnownFileType = sourcecode.c.objc; path = BOnboardingController.m; sourceTree = "<group>"; };
		77D5AE661FDB5E2A00765EAE /* BSearchView.m */ = {isa = PBXFileReference; fileEncoding = 4; lastKnownFileType = sourcecode.c.objc; path = BSearchView.m; sourceTree = "<group>"; };
		77D5AE671FDB5E2B00765EAE /* BSearchView.h */ = {isa = PBXFileReference; fileEncoding = 4; lastKnownFileType = sourcecode.c.h; path = BSearchView.h; sourceTree = "<group>"; };
		77D5AE691FDDBA8900765EAE /* Reachability.m */ = {isa = PBXFileReference; fileEncoding = 4; lastKnownFileType = sourcecode.c.objc; path = Reachability.m; sourceTree = "<group>"; };
		77D5AE6A1FDDBA8900765EAE /* GDActionSheet.h */ = {isa = PBXFileReference; fileEncoding = 4; lastKnownFileType = sourcecode.c.h; path = GDActionSheet.h; sourceTree = "<group>"; };
		77D5AE6B1FDDBA8A00765EAE /* GDActionSheet.m */ = {isa = PBXFileReference; fileEncoding = 4; lastKnownFileType = sourcecode.c.objc; path = GDActionSheet.m; sourceTree = "<group>"; };
		77D5AE6C1FDDBA8A00765EAE /* Reachability.h */ = {isa = PBXFileReference; fileEncoding = 4; lastKnownFileType = sourcecode.c.h; path = Reachability.h; sourceTree = "<group>"; };
		77D5AE6F1FDDE59200765EAE /* BFollowAction.h */ = {isa = PBXFileReference; lastKnownFileType = sourcecode.c.h; path = BFollowAction.h; sourceTree = "<group>"; };
		77D5AE701FDDE59200765EAE /* BFollowAction.m */ = {isa = PBXFileReference; lastKnownFileType = sourcecode.c.objc; path = BFollowAction.m; sourceTree = "<group>"; };
		846352F4B811913EF775AD40 /* Pods-BlrrdTests.debug.xcconfig */ = {isa = PBXFileReference; includeInIndex = 1; lastKnownFileType = text.xcconfig; name = "Pods-BlrrdTests.debug.xcconfig"; path = "Pods/Target Support Files/Pods-BlrrdTests/Pods-BlrrdTests.debug.xcconfig"; sourceTree = "<group>"; };
		8C73BB36D7BF0A8555DE2297 /* libPods-BlrrdUITests.a */ = {isa = PBXFileReference; explicitFileType = archive.ar; includeInIndex = 0; path = "libPods-BlrrdUITests.a"; sourceTree = BUILT_PRODUCTS_DIR; };
		B4AE68EAC7B2BE0471E44D80 /* Pods-OneSignalNotificationServiceExtension.release.xcconfig */ = {isa = PBXFileReference; includeInIndex = 1; lastKnownFileType = text.xcconfig; name = "Pods-OneSignalNotificationServiceExtension.release.xcconfig"; path = "Pods/Target Support Files/Pods-OneSignalNotificationServiceExtension/Pods-OneSignalNotificationServiceExtension.release.xcconfig"; sourceTree = "<group>"; };
		B70883D9FE8759167D2618D1 /* libPods-Blrrd.a */ = {isa = PBXFileReference; explicitFileType = archive.ar; includeInIndex = 0; path = "libPods-Blrrd.a"; sourceTree = BUILT_PRODUCTS_DIR; };
/* End PBXFileReference section */

/* Begin PBXFrameworksBuildPhase section */
		7784525B200F7DB3003A4841 /* Frameworks */ = {
			isa = PBXFrameworksBuildPhase;
			buildActionMask = 2147483647;
			files = (
			);
			runOnlyForDeploymentPostprocessing = 0;
		};
		778D9B0F1FABB53600878A6A /* Frameworks */ = {
			isa = PBXFrameworksBuildPhase;
			buildActionMask = 2147483647;
			files = (
				7765B49D200AA97700374EDE /* CoreTelephony.framework in Frameworks */,
				7765B49B200AA96F00374EDE /* SystemConfiguration.framework in Frameworks */,
				7737129F1FD1FD1600E507AE /* CoreML.framework in Frameworks */,
				7737127F1FCFBD4B00E507AE /* SafariServices.framework in Frameworks */,
				7778B1DE1FCD229C00E5B83D /* CoreImage.framework in Frameworks */,
				7778B1D01FCCC43100E5B83D /* Photos.framework in Frameworks */,
				7778B1CE1FCCC42C00E5B83D /* AVFoundation.framework in Frameworks */,
				7778B1CC1FCCC42500E5B83D /* QuartzCore.framework in Frameworks */,
				779994AC1FB9EBED0002531B /* CoreMotion.framework in Frameworks */,
				779994AB1FB9EB130002531B /* Accelerate.framework in Frameworks */,
				77656A981FB26478006F0854 /* UserNotifications.framework in Frameworks */,
				778D9B5C1FABD60F00878A6A /* StoreKit.framework in Frameworks */,
				5E70A3B067C44E695E9763A8 /* libPods-Blrrd.a in Frameworks */,
			);
			runOnlyForDeploymentPostprocessing = 0;
		};
		778D9B271FABB53600878A6A /* Frameworks */ = {
			isa = PBXFrameworksBuildPhase;
			buildActionMask = 2147483647;
			files = (
				2BE2E861C4D7BD74507C4F52 /* libPods-BlrrdTests.a in Frameworks */,
			);
			runOnlyForDeploymentPostprocessing = 0;
		};
		778D9B321FABB53600878A6A /* Frameworks */ = {
			isa = PBXFrameworksBuildPhase;
			buildActionMask = 2147483647;
			files = (
				3C1837B2FB585C787DA1836D /* libPods-BlrrdUITests.a in Frameworks */,
			);
			runOnlyForDeploymentPostprocessing = 0;
		};
/* End PBXFrameworksBuildPhase section */

/* Begin PBXGroup section */
		471E73CD90FFCB621EE64D94 /* Pods */ = {
			isa = PBXGroup;
			children = (
				4D03DFD143260305F4E5E860 /* Pods-Blrrd.debug.xcconfig */,
				2B6DF46065B4934E1855AD8D /* Pods-Blrrd.release.xcconfig */,
				846352F4B811913EF775AD40 /* Pods-BlrrdTests.debug.xcconfig */,
				35E422484A04BE2FA5B4236E /* Pods-BlrrdTests.release.xcconfig */,
				0676E4263BE463808AD0C968 /* Pods-BlrrdUITests.debug.xcconfig */,
				6EC6E94C2F62261082206C6F /* Pods-BlrrdUITests.release.xcconfig */,
				5A0DAE56A3D11D0960ED7839 /* Pods-OneSignalNotificationServiceExtension.debug.xcconfig */,
				B4AE68EAC7B2BE0471E44D80 /* Pods-OneSignalNotificationServiceExtension.release.xcconfig */,
			);
			name = Pods;
			sourceTree = "<group>";
		};
		773712871FD06B4600E507AE /* Documents */ = {
			isa = PBXGroup;
			children = (
				773712881FD06B5300E507AE /* terms.pdf */,
			);
			path = Documents;
			sourceTree = "<group>";
		};
		773712991FD1F20D00E507AE /* Models */ = {
			isa = PBXGroup;
			children = (
				7737129C1FD1FB7800E507AE /* GoogLeNetPlaces.mlmodel */,
			);
			path = Models;
			sourceTree = "<group>";
		};
		7757318C1FBE3F20002E0CCE /* Assets */ = {
			isa = PBXGroup;
			children = (
				7784526A20122802003A4841 /* SFX */,
				773712991FD1F20D00E507AE /* Models */,
				773712871FD06B4600E507AE /* Documents */,
				7757318D1FBE3F27002E0CCE /* Fonts */,
			);
			path = Assets;
			sourceTree = "<group>";
		};
		7757318D1FBE3F27002E0CCE /* Fonts */ = {
			isa = PBXGroup;
			children = (
				775731931FBE3F5C002E0CCE /* Nunito-Black.ttf */,
				775731951FBE3F5D002E0CCE /* Nunito-BlackItalic.ttf */,
				775731901FBE3F5C002E0CCE /* Nunito-Bold.ttf */,
				775731941FBE3F5C002E0CCE /* Nunito-BoldItalic.ttf */,
				7757318F1FBE3F5B002E0CCE /* Nunito-ExtraBold.ttf */,
				775731971FBE3F5D002E0CCE /* Nunito-ExtraBoldItalic.ttf */,
				775731991FBE3F5D002E0CCE /* Nunito-ExtraLight.ttf */,
				7757318E1FBE3F5B002E0CCE /* Nunito-ExtraLightItalic.ttf */,
				775731981FBE3F5D002E0CCE /* Nunito-Italic.ttf */,
				775731911FBE3F5C002E0CCE /* Nunito-Light.ttf */,
				7757319B1FBE3F5E002E0CCE /* Nunito-LightItalic.ttf */,
				7757319A1FBE3F5D002E0CCE /* Nunito-Regular.ttf */,
				775731921FBE3F5C002E0CCE /* Nunito-SemiBold.ttf */,
				775731961FBE3F5D002E0CCE /* Nunito-SemiBoldItalic.ttf */,
			);
			path = Fonts;
			sourceTree = "<group>";
		};
		775731AA1FBE4A19002E0CCE /* Detailed */ = {
			isa = PBXGroup;
			children = (
				77BDA3E91FBDFE1E00249572 /* BDetailedTimelineController.h */,
				77BDA3EA1FBDFE1E00249572 /* BDetailedTimelineController.m */,
				77B4EBCD1FD60D0200F448CC /* BDeailedImageController.h */,
				77B4EBCE1FD60D0200F448CC /* BDeailedImageController.m */,
				773C723D1FDAF1D000D8220E /* BFriendFinderController.h */,
				773C723E1FDAF1D000D8220E /* BFriendFinderController.m */,
			);
			path = Detailed;
			sourceTree = "<group>";
		};
		77656A9C1FB286EB006F0854 /* Navigation */ = {
			isa = PBXGroup;
			children = (
				77BDA3EC1FBE15D100249572 /* BTabbarView.h */,
				77BDA3ED1FBE15D100249572 /* BTabbarView.m */,
				77656A991FB286DF006F0854 /* BSegmentControl.h */,
				77656A9A1FB286DF006F0854 /* BSegmentControl.m */,
				775731B11FBE76B6002E0CCE /* BNavigationView.h */,
				775731B21FBE76B6002E0CCE /* BNavigationView.m */,
				7778B1C81FCC77FE00E5B83D /* BProfileHeader.h */,
				7778B1C91FCC77FE00E5B83D /* BProfileHeader.m */,
				775C1C191FE202CE00C8EF7C /* BUserProfileHeader.h */,
				775C1C1A1FE202CE00C8EF7C /* BUserProfileHeader.m */,
				7778B1D11FCCC4CE00E5B83D /* BCanvasNavigation.h */,
				7778B1D21FCCC4CE00E5B83D /* BCanvasNavigation.m */,
				773712901FD0BFA600E507AE /* BProfileImagesController.h */,
				773712911FD0BFA600E507AE /* BProfileImagesController.m */,
			);
			path = Navigation;
			sourceTree = "<group>";
		};
		7778B1E51FCF6AE300E5B83D /* Settings */ = {
			isa = PBXGroup;
			children = (
				7778B1EE1FCFB0C600E5B83D /* BSettingsController.h */,
				7778B1EF1FCFB0C600E5B83D /* BSettingsController.m */,
			);
			path = Settings;
			sourceTree = "<group>";
		};
		7784525F200F7DB3003A4841 /* BlrrdNotifications */ = {
			isa = PBXGroup;
			children = (
				77845260200F7DB3003A4841 /* NotificationService.h */,
				77845261200F7DB3003A4841 /* NotificationService.m */,
				77845263200F7DB3003A4841 /* Info.plist */,
			);
			path = BlrrdNotifications;
			sourceTree = "<group>";
		};
		7784526A20122802003A4841 /* SFX */ = {
			isa = PBXGroup;
			children = (
				7784526D20122886003A4841 /* blrrd_notification.wav */,
			);
			path = SFX;
			sourceTree = "<group>";
		};
		778D9B091FABB53600878A6A = {
			isa = PBXGroup;
			children = (
				778D9B141FABB53600878A6A /* Blrrd */,
				778D9B2D1FABB53600878A6A /* BlrrdTests */,
				778D9B381FABB53600878A6A /* BlrrdUITests */,
				7784525F200F7DB3003A4841 /* BlrrdNotifications */,
				778D9B131FABB53600878A6A /* Products */,
				471E73CD90FFCB621EE64D94 /* Pods */,
				DC2B262B6F1B871B7C26DD9C /* Frameworks */,
			);
			sourceTree = "<group>";
		};
		778D9B131FABB53600878A6A /* Products */ = {
			isa = PBXGroup;
			children = (
				778D9B121FABB53600878A6A /* Blrrd.app */,
				778D9B2A1FABB53600878A6A /* BlrrdTests.xctest */,
				778D9B351FABB53600878A6A /* BlrrdUITests.xctest */,
				7784525E200F7DB3003A4841 /* BlrrdNotifications.appex */,
			);
			name = Products;
			sourceTree = "<group>";
		};
		778D9B141FABB53600878A6A /* Blrrd */ = {
			isa = PBXGroup;
			children = (
				7757318C1FBE3F20002E0CCE /* Assets */,
				778D9B741FAC9A9F00878A6A /* Blrrd.entitlements */,
				778D9B571FABD1CB00878A6A /* Custom */,
				778D9B471FABCBFF00878A6A /* Objects */,
				778D9B521FABCCAD00878A6A /* Subviews */,
				778D9B511FABCC8100878A6A /* Controllers */,
				778D9B151FABB53600878A6A /* AppDelegate.h */,
				778D9B161FABB53600878A6A /* AppDelegate.m */,
				778D9B1B1FABB53600878A6A /* Main.storyboard */,
				778D9B201FABB53600878A6A /* LaunchScreen.storyboard */,
				778D9B1E1FABB53600878A6A /* Assets.xcassets */,
				778D9B231FABB53600878A6A /* Info.plist */,
				7778B1EC1FCFB03E00E5B83D /* Settings.plist */,
				778D9B4B1FABCC2700878A6A /* BConstants.h */,
				778D9B501FABCC7700878A6A /* Localizable.strings */,
				778D9B241FABB53600878A6A /* main.m */,
			);
			path = Blrrd;
			sourceTree = "<group>";
		};
		778D9B2D1FABB53600878A6A /* BlrrdTests */ = {
			isa = PBXGroup;
			children = (
				778D9B2E1FABB53600878A6A /* BlrrdTests.m */,
				778D9B301FABB53600878A6A /* Info.plist */,
			);
			path = BlrrdTests;
			sourceTree = "<group>";
		};
		778D9B381FABB53600878A6A /* BlrrdUITests */ = {
			isa = PBXGroup;
			children = (
				778D9B391FABB53600878A6A /* BlrrdUITests.m */,
				778D9B3B1FABB53600878A6A /* Info.plist */,
			);
			path = BlrrdUITests;
			sourceTree = "<group>";
		};
		778D9B471FABCBFF00878A6A /* Objects */ = {
			isa = PBXGroup;
			children = (
				778D9B481FABCC1400878A6A /* BCredentialsObject.h */,
				778D9B491FABCC1400878A6A /* BCredentialsObject.m */,
				778D9B5D1FABD63700878A6A /* BQueryObject.h */,
				778D9B5E1FABD63700878A6A /* BQueryObject.m */,
				779994AD1FBA03830002531B /* BUsageObject.h */,
				779994AE1FBA03830002531B /* BUsageObject.m */,
				7778B1D41FCCF16D00E5B83D /* BImageObject.h */,
				7778B1D51FCCF16D00E5B83D /* BImageObject.m */,
			);
			path = Objects;
			sourceTree = "<group>";
		};
		778D9B511FABCC8100878A6A /* Controllers */ = {
			isa = PBXGroup;
			children = (
				778D9B641FABEB6000878A6A /* Main */,
				778D9B631FABEB5600878A6A /* Onboarding */,
				7778B1E51FCF6AE300E5B83D /* Settings */,
				775731AA1FBE4A19002E0CCE /* Detailed */,
			);
			path = Controllers;
			sourceTree = "<group>";
		};
		778D9B521FABCCAD00878A6A /* Subviews */ = {
			isa = PBXGroup;
			children = (
				779994B41FBB68DA0002531B /* Channels */,
				779994B31FBA15630002531B /* Other */,
				77656A9C1FB286EB006F0854 /* Navigation */,
				77BDA3F11FBE160A00249572 /* Table */,
			);
			path = Subviews;
			sourceTree = "<group>";
		};
		778D9B531FABCCBE00878A6A /* Cells */ = {
			isa = PBXGroup;
			children = (
				778D9B6B1FABEC1600878A6A /* BBlurredCell.h */,
				778D9B6C1FABEC1600878A6A /* BBlurredCell.m */,
				779994B81FBB69270002531B /* BChannelCell.h */,
				779994B91FBB69270002531B /* BChannelCell.m */,
				77BDA3E31FBD4C4A00249572 /* BNotificationCell.h */,
				77BDA3E41FBD4C4A00249572 /* BNotificationCell.m */,
				77BDA3E61FBDF95E00249572 /* BFriendCell.h */,
				77BDA3E71FBDF95E00249572 /* BFriendCell.m */,
				7778B1DA1FCD1F3E00E5B83D /* BGalleryCell.h */,
				7778B1DB1FCD1F3E00E5B83D /* BGalleryCell.m */,
				7778B1F11FCFB3D800E5B83D /* BSettingsCell.h */,
				7778B1F21FCFB3D800E5B83D /* BSettingsCell.m */,
				7737128D1FD09B3A00E507AE /* BProfileCell.h */,
				7737128E1FD09B3A00E507AE /* BProfileCell.m */,
				773712931FD0C32700E507AE /* BProfileContainerCell.h */,
				773712941FD0C32700E507AE /* BProfileContainerCell.m */,
			);
			path = Cells;
			sourceTree = "<group>";
		};
		778D9B571FABD1CB00878A6A /* Custom */ = {
			isa = PBXGroup;
			children = (
				778D9B6F1FABF15700878A6A /* Grado */,
				778D9B6E1FABF14E00878A6A /* Other */,
			);
			path = Custom;
			sourceTree = "<group>";
		};
		778D9B631FABEB5600878A6A /* Onboarding */ = {
			isa = PBXGroup;
			children = (
				77B4EBD61FD6170100F448CC /* BNotificationsController.h */,
				77B4EBD71FD6170200F448CC /* BNotificationsController.m */,
				77D2BA8A1FD6302400595A21 /* BOnboardingController.h */,
				77D2BA8B1FD6302400595A21 /* BOnboardingController.m */,
				775C1C1C1FE22D7800C8EF7C /* BAuthenticateController.h */,
				775C1C1D1FE22D7800C8EF7C /* BAuthenticateController.m */,
				775C1C1F1FE24E8C00C8EF7C /* BCompleteController.h */,
				775C1C201FE24E8C00C8EF7C /* BCompleteController.m */,
			);
			path = Onboarding;
			sourceTree = "<group>";
		};
		778D9B641FABEB6000878A6A /* Main */ = {
			isa = PBXGroup;
			children = (
				778D9B601FABEB5100878A6A /* BContainerController.h */,
				778D9B611FABEB5100878A6A /* BContainerController.m */,
				778D9B681FABEBD300878A6A /* BTimelineSubview.h */,
				778D9B691FABEBD300878A6A /* BTimelineSubview.m */,
				77BDA3E01FBD446000249572 /* BDiscoverController.h */,
				77BDA3E11FBD446000249572 /* BDiscoverController.m */,
				775731AB1FBE4A48002E0CCE /* BCanvasController.h */,
				775731AC1FBE4A48002E0CCE /* BCanvasController.m */,
				7778B1D71FCD16FA00E5B83D /* BGalleryController.h */,
				7778B1D81FCD16FA00E5B83D /* BGalleryController.m */,
				775C1C131FE0B80500C8EF7C /* BCameraController.h */,
				775C1C141FE0B80500C8EF7C /* BCameraController.m */,
			);
			path = Main;
			sourceTree = "<group>";
		};
		778D9B6E1FABF14E00878A6A /* Other */ = {
			isa = PBXGroup;
			children = (
				77D5AE6C1FDDBA8A00765EAE /* Reachability.h */,
				77D5AE691FDDBA8900765EAE /* Reachability.m */,
				7778B1E91FCFA42E00E5B83D /* UIImage+Alpha.h */,
				7778B1EA1FCFA42F00E5B83D /* UIImage+Alpha.m */,
				7778B1E21FCF411200E5B83D /* UITextView+Placeholder.h */,
				7778B1E31FCF415A00E5B83D /* UITextView+Placeholder.m */,
				778D9B731FAC0E0F00878A6A /* UIImage+BlurExtension.h */,
				778D9B591FABD27800878A6A /* NSString+EmailAddresses.h */,
				778D9B581FABD27800878A6A /* NSString+EmailAddresses.m */,
			);
			path = Other;
			sourceTree = "<group>";
		};
		778D9B6F1FABF15700878A6A /* Grado */ = {
			isa = PBXGroup;
			children = (
				77D5AE6A1FDDBA8900765EAE /* GDActionSheet.h */,
				77D5AE6B1FDDBA8A00765EAE /* GDActionSheet.m */,
				778D9B701FABF18A00878A6A /* GDPlaceholderView.h */,
				778D9B711FABF18A00878A6A /* GDPlaceholderView.m */,
				77656AA11FB29624006F0854 /* GDStatusLabel.h */,
				77656AA01FB29623006F0854 /* GDStatusLabel.m */,
				7778B1E01FCF3EB500E5B83D /* GDFeedbackController.h */,
				7778B1DF1FCF3EB400E5B83D /* GDFeedbackController.m */,
				775C1C161FE0B86400C8EF7C /* GDFormInput.h */,
				775C1C171FE0B86400C8EF7C /* GDFormInput.m */,
			);
			path = Grado;
			sourceTree = "<group>";
		};
		779994B31FBA15630002531B /* Other */ = {
			isa = PBXGroup;
			children = (
				77D5AE671FDB5E2B00765EAE /* BSearchView.h */,
				77D5AE661FDB5E2A00765EAE /* BSearchView.m */,
				779994B01FBA155C0002531B /* BFooterView.h */,
				779994B11FBA155C0002531B /* BFooterView.m */,
				773712801FD0654000E507AE /* BDocumentController.h */,
				773712811FD0654000E507AE /* BDocumentController.m */,
				77D5AE6F1FDDE59200765EAE /* BFollowAction.h */,
				77D5AE701FDDE59200765EAE /* BFollowAction.m */,
				77CB9B7A1FE96DEB00A9F7BE /* BCanvasView.h */,
				77CB9B7B1FE96DEB00A9F7BE /* BCanvasView.m */,
			);
			path = Other;
			sourceTree = "<group>";
		};
		779994B41FBB68DA0002531B /* Channels */ = {
			isa = PBXGroup;
			children = (
				779994B51FBB69110002531B /* BChannelController.h */,
				779994B61FBB69110002531B /* BChannelController.m */,
			);
			path = Channels;
			sourceTree = "<group>";
		};
		77BDA3EF1FBE15FA00249572 /* Header */ = {
			isa = PBXGroup;
			children = (
				775731AE1FBE50B5002E0CCE /* BSectionHeader.h */,
				775731AF1FBE50B5002E0CCE /* BSectionHeader.m */,
				773712961FD0D8F100E507AE /* BAuthenticationHeader.h */,
				773712971FD0D8F100E507AE /* BAuthenticationHeader.m */,
			);
			path = Header;
			sourceTree = "<group>";
		};
		77BDA3F11FBE160A00249572 /* Table */ = {
			isa = PBXGroup;
			children = (
				778D9B531FABCCBE00878A6A /* Cells */,
				77BDA3EF1FBE15FA00249572 /* Header */,
			);
			path = Table;
			sourceTree = "<group>";
		};
		DC2B262B6F1B871B7C26DD9C /* Frameworks */ = {
			isa = PBXGroup;
			children = (
				7765B49C200AA97700374EDE /* CoreTelephony.framework */,
				7765B49A200AA96F00374EDE /* SystemConfiguration.framework */,
				7737129E1FD1FD1500E507AE /* CoreML.framework */,
				7737127E1FCFBD4B00E507AE /* SafariServices.framework */,
				7778B1DD1FCD229C00E5B83D /* CoreImage.framework */,
				7778B1CF1FCCC43100E5B83D /* Photos.framework */,
				7778B1CD1FCCC42C00E5B83D /* AVFoundation.framework */,
				7778B1CB1FCCC42500E5B83D /* QuartzCore.framework */,
				779994AA1FB9EB130002531B /* Accelerate.framework */,
				779994A81FB9EAEF0002531B /* CoreMotion.framework */,
				77656A971FB26477006F0854 /* UserNotifications.framework */,
				778D9B5B1FABD60F00878A6A /* StoreKit.framework */,
				B70883D9FE8759167D2618D1 /* libPods-Blrrd.a */,
				525024B0D28D89B1872A70B5 /* libPods-BlrrdTests.a */,
				8C73BB36D7BF0A8555DE2297 /* libPods-BlrrdUITests.a */,
				0C4664F8AB1018209E43075B /* libPods-OneSignalNotificationServiceExtension.a */,
			);
			name = Frameworks;
			sourceTree = "<group>";
		};
/* End PBXGroup section */

/* Begin PBXNativeTarget section */
		7784525D200F7DB3003A4841 /* BlrrdNotifications */ = {
			isa = PBXNativeTarget;
			buildConfigurationList = 77845267200F7DB3003A4841 /* Build configuration list for PBXNativeTarget "BlrrdNotifications" */;
			buildPhases = (
				7784525A200F7DB3003A4841 /* Sources */,
				7784525B200F7DB3003A4841 /* Frameworks */,
				7784525C200F7DB3003A4841 /* Resources */,
			);
			buildRules = (
			);
			dependencies = (
			);
			name = BlrrdNotifications;
			productName = BlrrdNotifications;
			productReference = 7784525E200F7DB3003A4841 /* BlrrdNotifications.appex */;
			productType = "com.apple.product-type.app-extension";
		};
		778D9B111FABB53600878A6A /* Blrrd */ = {
			isa = PBXNativeTarget;
			buildConfigurationList = 778D9B3E1FABB53600878A6A /* Build configuration list for PBXNativeTarget "Blrrd" */;
			buildPhases = (
				F542FAEE02FD836890A91B9B /* [CP] Check Pods Manifest.lock */,
				778D9B0E1FABB53600878A6A /* Sources */,
				778D9B0F1FABB53600878A6A /* Frameworks */,
				778D9B101FABB53600878A6A /* Resources */,
				05A51A5E8E1C60E57AC628C9 /* [CP] Embed Pods Frameworks */,
				069FFC4E4EDFD4154AD04100 /* [CP] Copy Pods Resources */,
				7765B4992008D29100374EDE /* Embed App Extensions */,
			);
			buildRules = (
			);
			dependencies = (
				77845265200F7DB3003A4841 /* PBXTargetDependency */,
			);
			name = Blrrd;
			productName = Blrrd;
			productReference = 778D9B121FABB53600878A6A /* Blrrd.app */;
			productType = "com.apple.product-type.application";
		};
		778D9B291FABB53600878A6A /* BlrrdTests */ = {
			isa = PBXNativeTarget;
			buildConfigurationList = 778D9B411FABB53600878A6A /* Build configuration list for PBXNativeTarget "BlrrdTests" */;
			buildPhases = (
				D3432836B79E9BA36177D427 /* [CP] Check Pods Manifest.lock */,
				778D9B261FABB53600878A6A /* Sources */,
				778D9B271FABB53600878A6A /* Frameworks */,
				778D9B281FABB53600878A6A /* Resources */,
				BAD2E54910F769AB229CA984 /* [CP] Embed Pods Frameworks */,
				5D80CB5C8E6ABF02A8EA9914 /* [CP] Copy Pods Resources */,
			);
			buildRules = (
			);
			dependencies = (
				778D9B2C1FABB53600878A6A /* PBXTargetDependency */,
			);
			name = BlrrdTests;
			productName = BlrrdTests;
			productReference = 778D9B2A1FABB53600878A6A /* BlrrdTests.xctest */;
			productType = "com.apple.product-type.bundle.unit-test";
		};
		778D9B341FABB53600878A6A /* BlrrdUITests */ = {
			isa = PBXNativeTarget;
			buildConfigurationList = 778D9B441FABB53600878A6A /* Build configuration list for PBXNativeTarget "BlrrdUITests" */;
			buildPhases = (
				4795322CDB8E3CC7DABE9C0C /* [CP] Check Pods Manifest.lock */,
				778D9B311FABB53600878A6A /* Sources */,
				778D9B321FABB53600878A6A /* Frameworks */,
				778D9B331FABB53600878A6A /* Resources */,
				696C9DC39F40C63CE9435D07 /* [CP] Embed Pods Frameworks */,
				F464ADF6548E59CD77EA563B /* [CP] Copy Pods Resources */,
			);
			buildRules = (
			);
			dependencies = (
				778D9B371FABB53600878A6A /* PBXTargetDependency */,
			);
			name = BlrrdUITests;
			productName = BlrrdUITests;
			productReference = 778D9B351FABB53600878A6A /* BlrrdUITests.xctest */;
			productType = "com.apple.product-type.bundle.ui-testing";
		};
/* End PBXNativeTarget section */

/* Begin PBXProject section */
		778D9B0A1FABB53600878A6A /* Project object */ = {
			isa = PBXProject;
			attributes = {
				CLASSPREFIX = B;
				LastUpgradeCheck = 0910;
				ORGANIZATIONNAME = "Blrrd Ltd";
				TargetAttributes = {
					7784525D200F7DB3003A4841 = {
						CreatedOnToolsVersion = 9.2;
						ProvisioningStyle = Automatic;
					};
					778D9B111FABB53600878A6A = {
						CreatedOnToolsVersion = 9.1;
						ProvisioningStyle = Automatic;
						SystemCapabilities = {
							com.apple.ApplicationGroups.iOS = {
								enabled = 1;
							};
							com.apple.BackgroundModes = {
								enabled = 1;
							};
							com.apple.Keychain = {
								enabled = 1;
							};
							com.apple.Push = {
								enabled = 1;
							};
						};
					};
					778D9B291FABB53600878A6A = {
						CreatedOnToolsVersion = 9.1;
						ProvisioningStyle = Automatic;
						TestTargetID = 778D9B111FABB53600878A6A;
					};
					778D9B341FABB53600878A6A = {
						CreatedOnToolsVersion = 9.1;
						ProvisioningStyle = Automatic;
						TestTargetID = 778D9B111FABB53600878A6A;
					};
				};
			};
			buildConfigurationList = 778D9B0D1FABB53600878A6A /* Build configuration list for PBXProject "Blrrd" */;
			compatibilityVersion = "Xcode 8.0";
			developmentRegion = en;
			hasScannedForEncodings = 0;
			knownRegions = (
				en,
				Base,
			);
			mainGroup = 778D9B091FABB53600878A6A;
			productRefGroup = 778D9B131FABB53600878A6A /* Products */;
			projectDirPath = "";
			projectRoot = "";
			targets = (
				778D9B111FABB53600878A6A /* Blrrd */,
				778D9B291FABB53600878A6A /* BlrrdTests */,
				778D9B341FABB53600878A6A /* BlrrdUITests */,
				7784525D200F7DB3003A4841 /* BlrrdNotifications */,
			);
		};
/* End PBXProject section */

/* Begin PBXResourcesBuildPhase section */
		7784525C200F7DB3003A4841 /* Resources */ = {
			isa = PBXResourcesBuildPhase;
			buildActionMask = 2147483647;
			files = (
			);
			runOnlyForDeploymentPostprocessing = 0;
		};
		778D9B101FABB53600878A6A /* Resources */ = {
			isa = PBXResourcesBuildPhase;
			buildActionMask = 2147483647;
			files = (
				7784526E20122887003A4841 /* blrrd_notification.wav in Resources */,
				7757319E1FBE3F5E002E0CCE /* Nunito-Bold.ttf in Resources */,
				775731A61FBE3F5E002E0CCE /* Nunito-Italic.ttf in Resources */,
				775731A11FBE3F5E002E0CCE /* Nunito-Black.ttf in Resources */,
				778D9B221FABB53600878A6A /* LaunchScreen.storyboard in Resources */,
				775731A91FBE3F5E002E0CCE /* Nunito-LightItalic.ttf in Resources */,
				775731A21FBE3F5E002E0CCE /* Nunito-BoldItalic.ttf in Resources */,
				7757319C1FBE3F5E002E0CCE /* Nunito-ExtraLightItalic.ttf in Resources */,
				775731A51FBE3F5E002E0CCE /* Nunito-ExtraBoldItalic.ttf in Resources */,
				773712891FD06B5300E507AE /* terms.pdf in Resources */,
				775731A71FBE3F5E002E0CCE /* Nunito-ExtraLight.ttf in Resources */,
				775731A01FBE3F5E002E0CCE /* Nunito-SemiBold.ttf in Resources */,
				778D9B4E1FABCC7700878A6A /* Localizable.strings in Resources */,
				7778B1ED1FCFB03E00E5B83D /* Settings.plist in Resources */,
				775731A31FBE3F5E002E0CCE /* Nunito-BlackItalic.ttf in Resources */,
				7757319D1FBE3F5E002E0CCE /* Nunito-ExtraBold.ttf in Resources */,
				775731A41FBE3F5E002E0CCE /* Nunito-SemiBoldItalic.ttf in Resources */,
				778D9B1F1FABB53600878A6A /* Assets.xcassets in Resources */,
				7757319F1FBE3F5E002E0CCE /* Nunito-Light.ttf in Resources */,
				775731A81FBE3F5E002E0CCE /* Nunito-Regular.ttf in Resources */,
				778D9B1D1FABB53600878A6A /* Main.storyboard in Resources */,
			);
			runOnlyForDeploymentPostprocessing = 0;
		};
		778D9B281FABB53600878A6A /* Resources */ = {
			isa = PBXResourcesBuildPhase;
			buildActionMask = 2147483647;
			files = (
			);
			runOnlyForDeploymentPostprocessing = 0;
		};
		778D9B331FABB53600878A6A /* Resources */ = {
			isa = PBXResourcesBuildPhase;
			buildActionMask = 2147483647;
			files = (
			);
			runOnlyForDeploymentPostprocessing = 0;
		};
/* End PBXResourcesBuildPhase section */

/* Begin PBXShellScriptBuildPhase section */
		05A51A5E8E1C60E57AC628C9 /* [CP] Embed Pods Frameworks */ = {
			isa = PBXShellScriptBuildPhase;
			buildActionMask = 2147483647;
			files = (
			);
			inputPaths = (
			);
			name = "[CP] Embed Pods Frameworks";
			outputPaths = (
			);
			runOnlyForDeploymentPostprocessing = 0;
			shellPath = /bin/sh;
			shellScript = "\"${SRCROOT}/Pods/Target Support Files/Pods-Blrrd/Pods-Blrrd-frameworks.sh\"\n";
			showEnvVarsInLog = 0;
		};
		069FFC4E4EDFD4154AD04100 /* [CP] Copy Pods Resources */ = {
			isa = PBXShellScriptBuildPhase;
			buildActionMask = 2147483647;
			files = (
			);
			inputPaths = (
			);
			name = "[CP] Copy Pods Resources";
			outputPaths = (
			);
			runOnlyForDeploymentPostprocessing = 0;
			shellPath = /bin/sh;
			shellScript = "\"${SRCROOT}/Pods/Target Support Files/Pods-Blrrd/Pods-Blrrd-resources.sh\"\n";
			showEnvVarsInLog = 0;
		};
		4795322CDB8E3CC7DABE9C0C /* [CP] Check Pods Manifest.lock */ = {
			isa = PBXShellScriptBuildPhase;
			buildActionMask = 2147483647;
			files = (
			);
			inputPaths = (
			);
			name = "[CP] Check Pods Manifest.lock";
			outputPaths = (
			);
			runOnlyForDeploymentPostprocessing = 0;
			shellPath = /bin/sh;
			shellScript = "diff \"${PODS_ROOT}/../Podfile.lock\" \"${PODS_ROOT}/Manifest.lock\" > /dev/null\nif [ $? != 0 ] ; then\n    # print error to STDERR\n    echo \"error: The sandbox is not in sync with the Podfile.lock. Run 'pod install' or update your CocoaPods installation.\" >&2\n    exit 1\nfi\n";
			showEnvVarsInLog = 0;
		};
		5D80CB5C8E6ABF02A8EA9914 /* [CP] Copy Pods Resources */ = {
			isa = PBXShellScriptBuildPhase;
			buildActionMask = 2147483647;
			files = (
			);
			inputPaths = (
			);
			name = "[CP] Copy Pods Resources";
			outputPaths = (
			);
			runOnlyForDeploymentPostprocessing = 0;
			shellPath = /bin/sh;
			shellScript = "\"${SRCROOT}/Pods/Target Support Files/Pods-BlrrdTests/Pods-BlrrdTests-resources.sh\"\n";
			showEnvVarsInLog = 0;
		};
		696C9DC39F40C63CE9435D07 /* [CP] Embed Pods Frameworks */ = {
			isa = PBXShellScriptBuildPhase;
			buildActionMask = 2147483647;
			files = (
			);
			inputPaths = (
			);
			name = "[CP] Embed Pods Frameworks";
			outputPaths = (
			);
			runOnlyForDeploymentPostprocessing = 0;
			shellPath = /bin/sh;
			shellScript = "\"${SRCROOT}/Pods/Target Support Files/Pods-BlrrdUITests/Pods-BlrrdUITests-frameworks.sh\"\n";
			showEnvVarsInLog = 0;
		};
		BAD2E54910F769AB229CA984 /* [CP] Embed Pods Frameworks */ = {
			isa = PBXShellScriptBuildPhase;
			buildActionMask = 2147483647;
			files = (
			);
			inputPaths = (
			);
			name = "[CP] Embed Pods Frameworks";
			outputPaths = (
			);
			runOnlyForDeploymentPostprocessing = 0;
			shellPath = /bin/sh;
			shellScript = "\"${SRCROOT}/Pods/Target Support Files/Pods-BlrrdTests/Pods-BlrrdTests-frameworks.sh\"\n";
			showEnvVarsInLog = 0;
		};
		D3432836B79E9BA36177D427 /* [CP] Check Pods Manifest.lock */ = {
			isa = PBXShellScriptBuildPhase;
			buildActionMask = 2147483647;
			files = (
			);
			inputPaths = (
			);
			name = "[CP] Check Pods Manifest.lock";
			outputPaths = (
			);
			runOnlyForDeploymentPostprocessing = 0;
			shellPath = /bin/sh;
			shellScript = "diff \"${PODS_ROOT}/../Podfile.lock\" \"${PODS_ROOT}/Manifest.lock\" > /dev/null\nif [ $? != 0 ] ; then\n    # print error to STDERR\n    echo \"error: The sandbox is not in sync with the Podfile.lock. Run 'pod install' or update your CocoaPods installation.\" >&2\n    exit 1\nfi\n";
			showEnvVarsInLog = 0;
		};
		F464ADF6548E59CD77EA563B /* [CP] Copy Pods Resources */ = {
			isa = PBXShellScriptBuildPhase;
			buildActionMask = 2147483647;
			files = (
			);
			inputPaths = (
			);
			name = "[CP] Copy Pods Resources";
			outputPaths = (
			);
			runOnlyForDeploymentPostprocessing = 0;
			shellPath = /bin/sh;
			shellScript = "\"${SRCROOT}/Pods/Target Support Files/Pods-BlrrdUITests/Pods-BlrrdUITests-resources.sh\"\n";
			showEnvVarsInLog = 0;
		};
		F542FAEE02FD836890A91B9B /* [CP] Check Pods Manifest.lock */ = {
			isa = PBXShellScriptBuildPhase;
			buildActionMask = 2147483647;
			files = (
			);
			inputPaths = (
			);
			name = "[CP] Check Pods Manifest.lock";
			outputPaths = (
			);
			runOnlyForDeploymentPostprocessing = 0;
			shellPath = /bin/sh;
			shellScript = "diff \"${PODS_ROOT}/../Podfile.lock\" \"${PODS_ROOT}/Manifest.lock\" > /dev/null\nif [ $? != 0 ] ; then\n    # print error to STDERR\n    echo \"error: The sandbox is not in sync with the Podfile.lock. Run 'pod install' or update your CocoaPods installation.\" >&2\n    exit 1\nfi\n";
			showEnvVarsInLog = 0;
		};
/* End PBXShellScriptBuildPhase section */

/* Begin PBXSourcesBuildPhase section */
		7784525A200F7DB3003A4841 /* Sources */ = {
			isa = PBXSourcesBuildPhase;
			buildActionMask = 2147483647;
			files = (
				77845262200F7DB3003A4841 /* NotificationService.m in Sources */,
			);
			runOnlyForDeploymentPostprocessing = 0;
		};
		778D9B0E1FABB53600878A6A /* Sources */ = {
			isa = PBXSourcesBuildPhase;
			buildActionMask = 2147483647;
			files = (
				773C723F1FDAF1D000D8220E /* BFriendFinderController.m in Sources */,
				775731AD1FBE4A48002E0CCE /* BCanvasController.m in Sources */,
				775C1C181FE0B86400C8EF7C /* GDFormInput.m in Sources */,
				7778B1D91FCD16FA00E5B83D /* BGalleryController.m in Sources */,
				775731B31FBE76B6002E0CCE /* BNavigationView.m in Sources */,
				7778B1F01FCFB0C600E5B83D /* BSettingsController.m in Sources */,
				779994B71FBB69110002531B /* BChannelController.m in Sources */,
				77B4EBCF1FD60D0200F448CC /* BDeailedImageController.m in Sources */,
				775C1C151FE0B80500C8EF7C /* BCameraController.m in Sources */,
				77BDA3EE1FBE15D100249572 /* BTabbarView.m in Sources */,
				775C1C1E1FE22D7800C8EF7C /* BAuthenticateController.m in Sources */,
				77D5AE6D1FDDBA8B00765EAE /* Reachability.m in Sources */,
				778D9B5A1FABD27900878A6A /* NSString+EmailAddresses.m in Sources */,
				779994B21FBA155C0002531B /* BFooterView.m in Sources */,
				779994BA1FBB69270002531B /* BChannelCell.m in Sources */,
				775C1C211FE24E8C00C8EF7C /* BCompleteController.m in Sources */,
				77D5AE711FDDE59200765EAE /* BFollowAction.m in Sources */,
				7778B1DC1FCD1F3E00E5B83D /* BGalleryCell.m in Sources */,
				773712821FD0654000E507AE /* BDocumentController.m in Sources */,
				773712951FD0C32700E507AE /* BProfileContainerCell.m in Sources */,
				775731B01FBE50B5002E0CCE /* BSectionHeader.m in Sources */,
				7737128F1FD09B3A00E507AE /* BProfileCell.m in Sources */,
				77B4EBD81FD6170200F448CC /* BNotificationsController.m in Sources */,
				7778B1E11FCF3EB500E5B83D /* GDFeedbackController.m in Sources */,
				778D9B6D1FABEC1600878A6A /* BBlurredCell.m in Sources */,
				778D9B5F1FABD63700878A6A /* BQueryObject.m in Sources */,
				7778B1F31FCFB3D800E5B83D /* BSettingsCell.m in Sources */,
				77656AA21FB29624006F0854 /* GDStatusLabel.m in Sources */,
				778D9B6A1FABEBD300878A6A /* BTimelineSubview.m in Sources */,
				7778B1CA1FCC77FE00E5B83D /* BProfileHeader.m in Sources */,
				77BDA3EB1FBDFE1E00249572 /* BDetailedTimelineController.m in Sources */,
				778D9B4A1FABCC1400878A6A /* BCredentialsObject.m in Sources */,
				77BDA3E81FBDF95E00249572 /* BFriendCell.m in Sources */,
				77CB9B7C1FE96DEC00A9F7BE /* BCanvasView.m in Sources */,
				778D9B251FABB53600878A6A /* main.m in Sources */,
				77D5AE681FDB5E2B00765EAE /* BSearchView.m in Sources */,
				77BDA3E51FBD4C4A00249572 /* BNotificationCell.m in Sources */,
				779994AF1FBA03830002531B /* BUsageObject.m in Sources */,
				7737129D1FD1FB7800E507AE /* GoogLeNetPlaces.mlmodel in Sources */,
				7778B1D31FCCC4CE00E5B83D /* BCanvasNavigation.m in Sources */,
				778D9B621FABEB5100878A6A /* BContainerController.m in Sources */,
				778D9B171FABB53600878A6A /* AppDelegate.m in Sources */,
				77656A9B1FB286E0006F0854 /* BSegmentControl.m in Sources */,
				773712921FD0BFA600E507AE /* BProfileImagesController.m in Sources */,
				7778B1E41FCF415A00E5B83D /* UITextView+Placeholder.m in Sources */,
				7778B1EB1FCFA42F00E5B83D /* UIImage+Alpha.m in Sources */,
				77D2BA8C1FD6302400595A21 /* BOnboardingController.m in Sources */,
				775C1C1B1FE202CE00C8EF7C /* BUserProfileHeader.m in Sources */,
				7778B1D61FCCF16D00E5B83D /* BImageObject.m in Sources */,
				77D5AE6E1FDDBA8B00765EAE /* GDActionSheet.m in Sources */,
				773712981FD0D8F100E507AE /* BAuthenticationHeader.m in Sources */,
				778D9B721FABF18A00878A6A /* GDPlaceholderView.m in Sources */,
				77BDA3E21FBD446000249572 /* BDiscoverController.m in Sources */,
			);
			runOnlyForDeploymentPostprocessing = 0;
		};
		778D9B261FABB53600878A6A /* Sources */ = {
			isa = PBXSourcesBuildPhase;
			buildActionMask = 2147483647;
			files = (
				778D9B2F1FABB53600878A6A /* BlrrdTests.m in Sources */,
			);
			runOnlyForDeploymentPostprocessing = 0;
		};
		778D9B311FABB53600878A6A /* Sources */ = {
			isa = PBXSourcesBuildPhase;
			buildActionMask = 2147483647;
			files = (
				778D9B3A1FABB53600878A6A /* BlrrdUITests.m in Sources */,
			);
			runOnlyForDeploymentPostprocessing = 0;
		};
/* End PBXSourcesBuildPhase section */

/* Begin PBXTargetDependency section */
		77845265200F7DB3003A4841 /* PBXTargetDependency */ = {
			isa = PBXTargetDependency;
			target = 7784525D200F7DB3003A4841 /* BlrrdNotifications */;
			targetProxy = 77845264200F7DB3003A4841 /* PBXContainerItemProxy */;
		};
		778D9B2C1FABB53600878A6A /* PBXTargetDependency */ = {
			isa = PBXTargetDependency;
			target = 778D9B111FABB53600878A6A /* Blrrd */;
			targetProxy = 778D9B2B1FABB53600878A6A /* PBXContainerItemProxy */;
		};
		778D9B371FABB53600878A6A /* PBXTargetDependency */ = {
			isa = PBXTargetDependency;
			target = 778D9B111FABB53600878A6A /* Blrrd */;
			targetProxy = 778D9B361FABB53600878A6A /* PBXContainerItemProxy */;
		};
/* End PBXTargetDependency section */

/* Begin PBXVariantGroup section */
		778D9B1B1FABB53600878A6A /* Main.storyboard */ = {
			isa = PBXVariantGroup;
			children = (
				778D9B1C1FABB53600878A6A /* Base */,
			);
			name = Main.storyboard;
			sourceTree = "<group>";
		};
		778D9B201FABB53600878A6A /* LaunchScreen.storyboard */ = {
			isa = PBXVariantGroup;
			children = (
				778D9B211FABB53600878A6A /* Base */,
			);
			name = LaunchScreen.storyboard;
			sourceTree = "<group>";
		};
		778D9B501FABCC7700878A6A /* Localizable.strings */ = {
			isa = PBXVariantGroup;
			children = (
				778D9B4F1FABCC7700878A6A /* en */,
			);
			name = Localizable.strings;
			sourceTree = "<group>";
		};
/* End PBXVariantGroup section */

/* Begin XCBuildConfiguration section */
		77845268200F7DB3003A4841 /* Debug */ = {
			isa = XCBuildConfiguration;
			buildSettings = {
				CODE_SIGN_STYLE = Automatic;
				DEVELOPMENT_TEAM = 2TG3C5JT66;
				INFOPLIST_FILE = BlrrdNotifications/Info.plist;
				IPHONEOS_DEPLOYMENT_TARGET = 11.2;
				LD_RUNPATH_SEARCH_PATHS = "$(inherited) @executable_path/Frameworks @executable_path/../../Frameworks";
				PRODUCT_BUNDLE_IDENTIFIER = co.blrrd.blrrd.BlrrdNotifications;
				PRODUCT_NAME = "$(TARGET_NAME)";
				SKIP_INSTALL = YES;
				TARGETED_DEVICE_FAMILY = 1;
			};
			name = Debug;
		};
		77845269200F7DB3003A4841 /* Release */ = {
			isa = XCBuildConfiguration;
			buildSettings = {
				CODE_SIGN_STYLE = Automatic;
				DEVELOPMENT_TEAM = 2TG3C5JT66;
				INFOPLIST_FILE = BlrrdNotifications/Info.plist;
				IPHONEOS_DEPLOYMENT_TARGET = 11.2;
				LD_RUNPATH_SEARCH_PATHS = "$(inherited) @executable_path/Frameworks @executable_path/../../Frameworks";
				PRODUCT_BUNDLE_IDENTIFIER = co.blrrd.blrrd.BlrrdNotifications;
				PRODUCT_NAME = "$(TARGET_NAME)";
				SKIP_INSTALL = YES;
				TARGETED_DEVICE_FAMILY = 1;
			};
			name = Release;
		};
		778D9B3C1FABB53600878A6A /* Debug */ = {
			isa = XCBuildConfiguration;
			buildSettings = {
				ALWAYS_SEARCH_USER_PATHS = NO;
				CLANG_ANALYZER_NONNULL = YES;
				CLANG_ANALYZER_NUMBER_OBJECT_CONVERSION = YES_AGGRESSIVE;
				CLANG_CXX_LANGUAGE_STANDARD = "gnu++14";
				CLANG_CXX_LIBRARY = "libc++";
				CLANG_ENABLE_MODULES = YES;
				CLANG_ENABLE_OBJC_ARC = YES;
				CLANG_WARN_BLOCK_CAPTURE_AUTORELEASING = YES;
				CLANG_WARN_BOOL_CONVERSION = YES;
				CLANG_WARN_COMMA = YES;
				CLANG_WARN_CONSTANT_CONVERSION = YES;
				CLANG_WARN_DIRECT_OBJC_ISA_USAGE = YES_ERROR;
				CLANG_WARN_DOCUMENTATION_COMMENTS = YES;
				CLANG_WARN_EMPTY_BODY = YES;
				CLANG_WARN_ENUM_CONVERSION = YES;
				CLANG_WARN_INFINITE_RECURSION = YES;
				CLANG_WARN_INT_CONVERSION = YES;
				CLANG_WARN_NON_LITERAL_NULL_CONVERSION = YES;
				CLANG_WARN_OBJC_LITERAL_CONVERSION = YES;
				CLANG_WARN_OBJC_ROOT_CLASS = YES_ERROR;
				CLANG_WARN_RANGE_LOOP_ANALYSIS = YES;
				CLANG_WARN_STRICT_PROTOTYPES = YES;
				CLANG_WARN_SUSPICIOUS_MOVE = YES;
				CLANG_WARN_UNGUARDED_AVAILABILITY = YES_AGGRESSIVE;
				CLANG_WARN_UNREACHABLE_CODE = YES;
				CLANG_WARN__DUPLICATE_METHOD_MATCH = YES;
				CODE_SIGN_IDENTITY = "iPhone Developer";
				COPY_PHASE_STRIP = NO;
				DEBUG_INFORMATION_FORMAT = dwarf;
				ENABLE_STRICT_OBJC_MSGSEND = YES;
				ENABLE_TESTABILITY = YES;
				GCC_C_LANGUAGE_STANDARD = gnu11;
				GCC_DYNAMIC_NO_PIC = NO;
				GCC_NO_COMMON_BLOCKS = YES;
				GCC_OPTIMIZATION_LEVEL = 0;
				GCC_PREPROCESSOR_DEFINITIONS = (
					"DEBUG=1",
					"$(inherited)",
				);
				GCC_WARN_64_TO_32_BIT_CONVERSION = YES;
				GCC_WARN_ABOUT_RETURN_TYPE = YES_ERROR;
				GCC_WARN_UNDECLARED_SELECTOR = YES;
				GCC_WARN_UNINITIALIZED_AUTOS = YES_AGGRESSIVE;
				GCC_WARN_UNUSED_FUNCTION = YES;
				GCC_WARN_UNUSED_VARIABLE = YES;
				IPHONEOS_DEPLOYMENT_TARGET = 11.1;
				MTL_ENABLE_DEBUG_INFO = YES;
				ONLY_ACTIVE_ARCH = YES;
				SDKROOT = iphoneos;
			};
			name = Debug;
		};
		778D9B3D1FABB53600878A6A /* Release */ = {
			isa = XCBuildConfiguration;
			buildSettings = {
				ALWAYS_SEARCH_USER_PATHS = NO;
				CLANG_ANALYZER_NONNULL = YES;
				CLANG_ANALYZER_NUMBER_OBJECT_CONVERSION = YES_AGGRESSIVE;
				CLANG_CXX_LANGUAGE_STANDARD = "gnu++14";
				CLANG_CXX_LIBRARY = "libc++";
				CLANG_ENABLE_MODULES = YES;
				CLANG_ENABLE_OBJC_ARC = YES;
				CLANG_WARN_BLOCK_CAPTURE_AUTORELEASING = YES;
				CLANG_WARN_BOOL_CONVERSION = YES;
				CLANG_WARN_COMMA = YES;
				CLANG_WARN_CONSTANT_CONVERSION = YES;
				CLANG_WARN_DIRECT_OBJC_ISA_USAGE = YES_ERROR;
				CLANG_WARN_DOCUMENTATION_COMMENTS = YES;
				CLANG_WARN_EMPTY_BODY = YES;
				CLANG_WARN_ENUM_CONVERSION = YES;
				CLANG_WARN_INFINITE_RECURSION = YES;
				CLANG_WARN_INT_CONVERSION = YES;
				CLANG_WARN_NON_LITERAL_NULL_CONVERSION = YES;
				CLANG_WARN_OBJC_LITERAL_CONVERSION = YES;
				CLANG_WARN_OBJC_ROOT_CLASS = YES_ERROR;
				CLANG_WARN_RANGE_LOOP_ANALYSIS = YES;
				CLANG_WARN_STRICT_PROTOTYPES = YES;
				CLANG_WARN_SUSPICIOUS_MOVE = YES;
				CLANG_WARN_UNGUARDED_AVAILABILITY = YES_AGGRESSIVE;
				CLANG_WARN_UNREACHABLE_CODE = YES;
				CLANG_WARN__DUPLICATE_METHOD_MATCH = YES;
				CODE_SIGN_IDENTITY = "iPhone Developer";
				COPY_PHASE_STRIP = NO;
				DEBUG_INFORMATION_FORMAT = "dwarf-with-dsym";
				ENABLE_NS_ASSERTIONS = NO;
				ENABLE_STRICT_OBJC_MSGSEND = YES;
				GCC_C_LANGUAGE_STANDARD = gnu11;
				GCC_NO_COMMON_BLOCKS = YES;
				GCC_WARN_64_TO_32_BIT_CONVERSION = YES;
				GCC_WARN_ABOUT_RETURN_TYPE = YES_ERROR;
				GCC_WARN_UNDECLARED_SELECTOR = YES;
				GCC_WARN_UNINITIALIZED_AUTOS = YES_AGGRESSIVE;
				GCC_WARN_UNUSED_FUNCTION = YES;
				GCC_WARN_UNUSED_VARIABLE = YES;
				IPHONEOS_DEPLOYMENT_TARGET = 11.1;
				MTL_ENABLE_DEBUG_INFO = NO;
				SDKROOT = iphoneos;
				VALIDATE_PRODUCT = YES;
			};
			name = Release;
		};
		778D9B3F1FABB53600878A6A /* Debug */ = {
			isa = XCBuildConfiguration;
			baseConfigurationReference = 4D03DFD143260305F4E5E860 /* Pods-Blrrd.debug.xcconfig */;
			buildSettings = {
				ASSETCATALOG_COMPILER_APPICON_NAME = AppIcon;
				CODE_SIGN_ENTITLEMENTS = Blrrd/Blrrd.entitlements;
				CODE_SIGN_STYLE = Automatic;
				DEVELOPMENT_TEAM = 2TG3C5JT66;
				ENABLE_BITCODE = NO;
				FRAMEWORK_SEARCH_PATHS = "$(inherited)";
				HEADER_SEARCH_PATHS = (
					"$(inherited)",
					"\"${PODS_ROOT}/Headers/Public\"",
					"\"${PODS_ROOT}/Headers/Public/AppAnalytics\"",
					"\"${PODS_ROOT}/Headers/Public/DBImageColorPicker\"",
					"\"${PODS_ROOT}/Headers/Public/GBDeviceInfo\"",
					"\"${PODS_ROOT}/Headers/Public/GPUImage\"",
					"\"${PODS_ROOT}/Headers/Public/KVNBoundedImageView\"",
					"\"${PODS_ROOT}/Headers/Public/Mixpanel\"",
					"\"${PODS_ROOT}/Headers/Public/Pushbots\"",
					"\"${PODS_ROOT}/Headers/Public/SAMLabel\"",
					"\"${PODS_ROOT}/Headers/Public/SDWebImage\"",
					"\"${PODS_ROOT}/Headers/Public/SocketRocket\"",
					"\"${PODS_ROOT}/Headers/Public/TYBlurImage\"",
					"\"${PODS_ROOT}/Headers/Public/UCZProgressView\"",
					"\"${PODS_ROOT}/Headers/Public/UIImage-Helpers\"",
					"\"${PODS_ROOT}/Headers/Public/UIImage-ResizeMagick\"",
				);
				INFOPLIST_FILE = Blrrd/Info.plist;
				IPHONEOS_DEPLOYMENT_TARGET = 11.0;
				LD_RUNPATH_SEARCH_PATHS = "$(inherited) @executable_path/Frameworks";
				LIBRARY_SEARCH_PATHS = "$(inherited)";
				PRODUCT_BUNDLE_IDENTIFIER = co.blrrd.blrrd;
				PRODUCT_NAME = "$(TARGET_NAME)";
				SKIP_INSTALL = NO;
				TARGETED_DEVICE_FAMILY = 1;
			};
			name = Debug;
		};
		778D9B401FABB53600878A6A /* Release */ = {
			isa = XCBuildConfiguration;
			baseConfigurationReference = 2B6DF46065B4934E1855AD8D /* Pods-Blrrd.release.xcconfig */;
			buildSettings = {
				ASSETCATALOG_COMPILER_APPICON_NAME = AppIcon;
				CODE_SIGN_ENTITLEMENTS = Blrrd/Blrrd.entitlements;
				CODE_SIGN_STYLE = Automatic;
				DEVELOPMENT_TEAM = 2TG3C5JT66;
				ENABLE_BITCODE = NO;
				FRAMEWORK_SEARCH_PATHS = "$(inherited)";
				HEADER_SEARCH_PATHS = (
					"$(inherited)",
					"\"${PODS_ROOT}/Headers/Public\"",
					"\"${PODS_ROOT}/Headers/Public/AppAnalytics\"",
					"\"${PODS_ROOT}/Headers/Public/DBImageColorPicker\"",
					"\"${PODS_ROOT}/Headers/Public/GBDeviceInfo\"",
					"\"${PODS_ROOT}/Headers/Public/GPUImage\"",
					"\"${PODS_ROOT}/Headers/Public/KVNBoundedImageView\"",
					"\"${PODS_ROOT}/Headers/Public/Mixpanel\"",
					"\"${PODS_ROOT}/Headers/Public/Pushbots\"",
					"\"${PODS_ROOT}/Headers/Public/SAMLabel\"",
					"\"${PODS_ROOT}/Headers/Public/SDWebImage\"",
					"\"${PODS_ROOT}/Headers/Public/SocketRocket\"",
					"\"${PODS_ROOT}/Headers/Public/TYBlurImage\"",
					"\"${PODS_ROOT}/Headers/Public/UCZProgressView\"",
					"\"${PODS_ROOT}/Headers/Public/UIImage-Helpers\"",
					"\"${PODS_ROOT}/Headers/Public/UIImage-ResizeMagick\"",
				);
				INFOPLIST_FILE = Blrrd/Info.plist;
				IPHONEOS_DEPLOYMENT_TARGET = 11.0;
				LD_RUNPATH_SEARCH_PATHS = "$(inherited) @executable_path/Frameworks";
				LIBRARY_SEARCH_PATHS = "$(inherited)";
				PRODUCT_BUNDLE_IDENTIFIER = co.blrrd.blrrd;
				PRODUCT_NAME = "$(TARGET_NAME)";
				SKIP_INSTALL = NO;
				TARGETED_DEVICE_FAMILY = 1;
			};
			name = Release;
		};
		778D9B421FABB53600878A6A /* Debug */ = {
			isa = XCBuildConfiguration;
			baseConfigurationReference = 846352F4B811913EF775AD40 /* Pods-BlrrdTests.debug.xcconfig */;
			buildSettings = {
				BUNDLE_LOADER = "$(TEST_HOST)";
				CODE_SIGN_STYLE = Automatic;
				DEVELOPMENT_TEAM = NV488MSHMX;
				INFOPLIST_FILE = BlrrdTests/Info.plist;
				LD_RUNPATH_SEARCH_PATHS = "$(inherited) @executable_path/Frameworks @loader_path/Frameworks";
				PRODUCT_BUNDLE_IDENTIFIER = com.blrrd.client.BlrrdTests;
				PRODUCT_NAME = "$(TARGET_NAME)";
				TARGETED_DEVICE_FAMILY = "1,2";
				TEST_HOST = "$(BUILT_PRODUCTS_DIR)/Blrrd.app/Blrrd";
			};
			name = Debug;
		};
		778D9B431FABB53600878A6A /* Release */ = {
			isa = XCBuildConfiguration;
			baseConfigurationReference = 35E422484A04BE2FA5B4236E /* Pods-BlrrdTests.release.xcconfig */;
			buildSettings = {
				BUNDLE_LOADER = "$(TEST_HOST)";
				CODE_SIGN_STYLE = Automatic;
				DEVELOPMENT_TEAM = NV488MSHMX;
				INFOPLIST_FILE = BlrrdTests/Info.plist;
				LD_RUNPATH_SEARCH_PATHS = "$(inherited) @executable_path/Frameworks @loader_path/Frameworks";
				PRODUCT_BUNDLE_IDENTIFIER = com.blrrd.client.BlrrdTests;
				PRODUCT_NAME = "$(TARGET_NAME)";
				TARGETED_DEVICE_FAMILY = "1,2";
				TEST_HOST = "$(BUILT_PRODUCTS_DIR)/Blrrd.app/Blrrd";
			};
			name = Release;
		};
		778D9B451FABB53600878A6A /* Debug */ = {
			isa = XCBuildConfiguration;
			baseConfigurationReference = 0676E4263BE463808AD0C968 /* Pods-BlrrdUITests.debug.xcconfig */;
			buildSettings = {
				CODE_SIGN_STYLE = Automatic;
				DEVELOPMENT_TEAM = NV488MSHMX;
				INFOPLIST_FILE = BlrrdUITests/Info.plist;
				LD_RUNPATH_SEARCH_PATHS = "$(inherited) @executable_path/Frameworks @loader_path/Frameworks";
				PRODUCT_BUNDLE_IDENTIFIER = com.blrrd.client.BlrrdUITests;
				PRODUCT_NAME = "$(TARGET_NAME)";
				TARGETED_DEVICE_FAMILY = "1,2";
				TEST_TARGET_NAME = Blrrd;
			};
			name = Debug;
		};
		778D9B461FABB53600878A6A /* Release */ = {
			isa = XCBuildConfiguration;
			baseConfigurationReference = 6EC6E94C2F62261082206C6F /* Pods-BlrrdUITests.release.xcconfig */;
			buildSettings = {
				CODE_SIGN_STYLE = Automatic;
				DEVELOPMENT_TEAM = NV488MSHMX;
				INFOPLIST_FILE = BlrrdUITests/Info.plist;
				LD_RUNPATH_SEARCH_PATHS = "$(inherited) @executable_path/Frameworks @loader_path/Frameworks";
				PRODUCT_BUNDLE_IDENTIFIER = com.blrrd.client.BlrrdUITests;
				PRODUCT_NAME = "$(TARGET_NAME)";
				TARGETED_DEVICE_FAMILY = "1,2";
				TEST_TARGET_NAME = Blrrd;
			};
			name = Release;
		};
/* End XCBuildConfiguration section */

/* Begin XCConfigurationList section */
		77845267200F7DB3003A4841 /* Build configuration list for PBXNativeTarget "BlrrdNotifications" */ = {
			isa = XCConfigurationList;
			buildConfigurations = (
				77845268200F7DB3003A4841 /* Debug */,
				77845269200F7DB3003A4841 /* Release */,
			);
			defaultConfigurationIsVisible = 0;
			defaultConfigurationName = Release;
		};
		778D9B0D1FABB53600878A6A /* Build configuration list for PBXProject "Blrrd" */ = {
			isa = XCConfigurationList;
			buildConfigurations = (
				778D9B3C1FABB53600878A6A /* Debug */,
				778D9B3D1FABB53600878A6A /* Release */,
			);
			defaultConfigurationIsVisible = 0;
			defaultConfigurationName = Release;
		};
		778D9B3E1FABB53600878A6A /* Build configuration list for PBXNativeTarget "Blrrd" */ = {
			isa = XCConfigurationList;
			buildConfigurations = (
				778D9B3F1FABB53600878A6A /* Debug */,
				778D9B401FABB53600878A6A /* Release */,
			);
			defaultConfigurationIsVisible = 0;
			defaultConfigurationName = Release;
		};
		778D9B411FABB53600878A6A /* Build configuration list for PBXNativeTarget "BlrrdTests" */ = {
			isa = XCConfigurationList;
			buildConfigurations = (
				778D9B421FABB53600878A6A /* Debug */,
				778D9B431FABB53600878A6A /* Release */,
			);
			defaultConfigurationIsVisible = 0;
			defaultConfigurationName = Release;
		};
		778D9B441FABB53600878A6A /* Build configuration list for PBXNativeTarget "BlrrdUITests" */ = {
			isa = XCConfigurationList;
			buildConfigurations = (
				778D9B451FABB53600878A6A /* Debug */,
				778D9B461FABB53600878A6A /* Release */,
			);
			defaultConfigurationIsVisible = 0;
			defaultConfigurationName = Release;
		};
/* End XCConfigurationList section */
	};
	rootObject = 778D9B0A1FABB53600878A6A /* Project object */;
}
